// !$*UTF8*$!
{
	archiveVersion = 1;
	classes = {
	};
	objectVersion = 56;
	objects = {

/* Begin PBXBuildFile section */
		3B3AE3622BA2BC2F00CF0BA8 /* ThirdTabView.swift in Sources */ = {isa = PBXBuildFile; fileRef = 3B3AE3552BA2BC2F00CF0BA8 /* ThirdTabView.swift */; };
		3B3AE3632BA2BC2F00CF0BA8 /* SeventhTabView.swift in Sources */ = {isa = PBXBuildFile; fileRef = 3B3AE3562BA2BC2F00CF0BA8 /* SeventhTabView.swift */; };
		3B3AE3642BA2BC2F00CF0BA8 /* FirstTabView.swift in Sources */ = {isa = PBXBuildFile; fileRef = 3B3AE3572BA2BC2F00CF0BA8 /* FirstTabView.swift */; };
		3B3AE3652BA2BC2F00CF0BA8 /* FifthTabView.swift in Sources */ = {isa = PBXBuildFile; fileRef = 3B3AE3582BA2BC2F00CF0BA8 /* FifthTabView.swift */; };
		3B3AE3662BA2BC2F00CF0BA8 /* SecondTabView.swift in Sources */ = {isa = PBXBuildFile; fileRef = 3B3AE3592BA2BC2F00CF0BA8 /* SecondTabView.swift */; };
		3B3AE3672BA2BC2F00CF0BA8 /* SixthTabView.swift in Sources */ = {isa = PBXBuildFile; fileRef = 3B3AE35A2BA2BC2F00CF0BA8 /* SixthTabView.swift */; };
		3B3AE3682BA2BC2F00CF0BA8 /* FourthTabView.swift in Sources */ = {isa = PBXBuildFile; fileRef = 3B3AE35B2BA2BC2F00CF0BA8 /* FourthTabView.swift */; };
		3B3AE3692BA2BC2F00CF0BA8 /* TimeTableMainViewModel.swift in Sources */ = {isa = PBXBuildFile; fileRef = 3B3AE35C2BA2BC2F00CF0BA8 /* TimeTableMainViewModel.swift */; };
		3B3AE36A2BA2BC2F00CF0BA8 /* TimeTableMenuView.swift in Sources */ = {isa = PBXBuildFile; fileRef = 3B3AE35D2BA2BC2F00CF0BA8 /* TimeTableMenuView.swift */; };
		3B3AE36B2BA2BC2F00CF0BA8 /* TimeTableMainView.swift in Sources */ = {isa = PBXBuildFile; fileRef = 3B3AE35E2BA2BC2F00CF0BA8 /* TimeTableMainView.swift */; };
		3B3AE36C2BA2BC2F00CF0BA8 /* SearchSheetView.swift in Sources */ = {isa = PBXBuildFile; fileRef = 3B3AE3602BA2BC2F00CF0BA8 /* SearchSheetView.swift */; };
		3B3AE36D2BA2BC2F00CF0BA8 /* TimeTableMakeView.swift in Sources */ = {isa = PBXBuildFile; fileRef = 3B3AE3612BA2BC2F00CF0BA8 /* TimeTableMakeView.swift */; };
		3B3AE37C2BA2BC3900CF0BA8 /* Color.xcassets in Resources */ = {isa = PBXBuildFile; fileRef = 3B3AE3702BA2BC3900CF0BA8 /* Color.xcassets */; };
		3B3AE37D2BA2BC3900CF0BA8 /* Pretendard-Regular.otf in Resources */ = {isa = PBXBuildFile; fileRef = 3B3AE3722BA2BC3900CF0BA8 /* Pretendard-Regular.otf */; };
		3B3AE37E2BA2BC3900CF0BA8 /* Pretendard-Black.otf in Resources */ = {isa = PBXBuildFile; fileRef = 3B3AE3732BA2BC3900CF0BA8 /* Pretendard-Black.otf */; };
		3B3AE37F2BA2BC3900CF0BA8 /* Pretendard-Medium.otf in Resources */ = {isa = PBXBuildFile; fileRef = 3B3AE3742BA2BC3900CF0BA8 /* Pretendard-Medium.otf */; };
		3B3AE3802BA2BC3900CF0BA8 /* Pretendard-Light.otf in Resources */ = {isa = PBXBuildFile; fileRef = 3B3AE3752BA2BC3900CF0BA8 /* Pretendard-Light.otf */; };
		3B3AE3812BA2BC3900CF0BA8 /* Pretendard-ExtraBold.otf in Resources */ = {isa = PBXBuildFile; fileRef = 3B3AE3762BA2BC3900CF0BA8 /* Pretendard-ExtraBold.otf */; };
		3B3AE3822BA2BC3900CF0BA8 /* Pretendard-Bold.otf in Resources */ = {isa = PBXBuildFile; fileRef = 3B3AE3772BA2BC3900CF0BA8 /* Pretendard-Bold.otf */; };
		3B3AE3832BA2BC3900CF0BA8 /* Font.swift in Sources */ = {isa = PBXBuildFile; fileRef = 3B3AE3782BA2BC3900CF0BA8 /* Font.swift */; };
		3B3AE3842BA2BC3900CF0BA8 /* Pretendard-Thin.otf in Resources */ = {isa = PBXBuildFile; fileRef = 3B3AE3792BA2BC3900CF0BA8 /* Pretendard-Thin.otf */; };
		3B3AE3852BA2BC3900CF0BA8 /* Pretendard-ExtraLight.otf in Resources */ = {isa = PBXBuildFile; fileRef = 3B3AE37A2BA2BC3900CF0BA8 /* Pretendard-ExtraLight.otf */; };
		3B3AE3862BA2BC3900CF0BA8 /* Pretendard-SemiBold.otf in Resources */ = {isa = PBXBuildFile; fileRef = 3B3AE37B2BA2BC3900CF0BA8 /* Pretendard-SemiBold.otf */; };
		3B3AE3912BA2C09000CF0BA8 /* MainMyPageView.swift in Sources */ = {isa = PBXBuildFile; fileRef = 3B3AE3902BA2C09000CF0BA8 /* MainMyPageView.swift */; };
		3B3AE3942BA2C6E500CF0BA8 /* HomeView.swift in Sources */ = {isa = PBXBuildFile; fileRef = 3B3AE3932BA2C6E500CF0BA8 /* HomeView.swift */; };
		3BBB8D092BA42ECF00AC5EF1 /* BottomTab.swift in Sources */ = {isa = PBXBuildFile; fileRef = 3BBB8D082BA42ECF00AC5EF1 /* BottomTab.swift */; };
		3BBB8D0B2BA4302A00AC5EF1 /* FriendView.swift in Sources */ = {isa = PBXBuildFile; fileRef = 3BBB8D0A2BA4302A00AC5EF1 /* FriendView.swift */; };
		3BBB8D0D2BA4303100AC5EF1 /* SettingView.swift in Sources */ = {isa = PBXBuildFile; fileRef = 3BBB8D0C2BA4303100AC5EF1 /* SettingView.swift */; };
		3BBB8D0F2BA4303E00AC5EF1 /* EventView.swift in Sources */ = {isa = PBXBuildFile; fileRef = 3BBB8D0E2BA4303E00AC5EF1 /* EventView.swift */; };
		AA9E80222B4912CB00D51447 /* MainView.swift in Sources */ = {isa = PBXBuildFile; fileRef = AA9E80212B4912CB00D51447 /* MainView.swift */; };
		AACB4BD02B40712D00169C52 /* SATTOApp.swift in Sources */ = {isa = PBXBuildFile; fileRef = AACB4BCF2B40712D00169C52 /* SATTOApp.swift */; };
		AACB4BD22B40712D00169C52 /* LoginView.swift in Sources */ = {isa = PBXBuildFile; fileRef = AACB4BD12B40712D00169C52 /* LoginView.swift */; };
		AACB4BD42B40712F00169C52 /* Assets.xcassets in Resources */ = {isa = PBXBuildFile; fileRef = AACB4BD32B40712F00169C52 /* Assets.xcassets */; };
		AACB4BD72B40712F00169C52 /* Preview Assets.xcassets in Resources */ = {isa = PBXBuildFile; fileRef = AACB4BD62B40712F00169C52 /* Preview Assets.xcassets */; };
/* End PBXBuildFile section */

/* Begin PBXFileReference section */
		3B3AE3552BA2BC2F00CF0BA8 /* ThirdTabView.swift */ = {isa = PBXFileReference; fileEncoding = 4; lastKnownFileType = sourcecode.swift; path = ThirdTabView.swift; sourceTree = "<group>"; };
		3B3AE3562BA2BC2F00CF0BA8 /* SeventhTabView.swift */ = {isa = PBXFileReference; fileEncoding = 4; lastKnownFileType = sourcecode.swift; path = SeventhTabView.swift; sourceTree = "<group>"; };
		3B3AE3572BA2BC2F00CF0BA8 /* FirstTabView.swift */ = {isa = PBXFileReference; fileEncoding = 4; lastKnownFileType = sourcecode.swift; path = FirstTabView.swift; sourceTree = "<group>"; };
		3B3AE3582BA2BC2F00CF0BA8 /* FifthTabView.swift */ = {isa = PBXFileReference; fileEncoding = 4; lastKnownFileType = sourcecode.swift; path = FifthTabView.swift; sourceTree = "<group>"; };
		3B3AE3592BA2BC2F00CF0BA8 /* SecondTabView.swift */ = {isa = PBXFileReference; fileEncoding = 4; lastKnownFileType = sourcecode.swift; path = SecondTabView.swift; sourceTree = "<group>"; };
		3B3AE35A2BA2BC2F00CF0BA8 /* SixthTabView.swift */ = {isa = PBXFileReference; fileEncoding = 4; lastKnownFileType = sourcecode.swift; path = SixthTabView.swift; sourceTree = "<group>"; };
		3B3AE35B2BA2BC2F00CF0BA8 /* FourthTabView.swift */ = {isa = PBXFileReference; fileEncoding = 4; lastKnownFileType = sourcecode.swift; path = FourthTabView.swift; sourceTree = "<group>"; };
		3B3AE35C2BA2BC2F00CF0BA8 /* TimeTableMainViewModel.swift */ = {isa = PBXFileReference; fileEncoding = 4; lastKnownFileType = sourcecode.swift; path = TimeTableMainViewModel.swift; sourceTree = "<group>"; };
		3B3AE35D2BA2BC2F00CF0BA8 /* TimeTableMenuView.swift */ = {isa = PBXFileReference; fileEncoding = 4; lastKnownFileType = sourcecode.swift; path = TimeTableMenuView.swift; sourceTree = "<group>"; };
		3B3AE35E2BA2BC2F00CF0BA8 /* TimeTableMainView.swift */ = {isa = PBXFileReference; fileEncoding = 4; lastKnownFileType = sourcecode.swift; path = TimeTableMainView.swift; sourceTree = "<group>"; };
		3B3AE3602BA2BC2F00CF0BA8 /* SearchSheetView.swift */ = {isa = PBXFileReference; fileEncoding = 4; lastKnownFileType = sourcecode.swift; path = SearchSheetView.swift; sourceTree = "<group>"; };
		3B3AE3612BA2BC2F00CF0BA8 /* TimeTableMakeView.swift */ = {isa = PBXFileReference; fileEncoding = 4; lastKnownFileType = sourcecode.swift; path = TimeTableMakeView.swift; sourceTree = "<group>"; };
		3B3AE3702BA2BC3900CF0BA8 /* Color.xcassets */ = {isa = PBXFileReference; lastKnownFileType = folder.assetcatalog; path = Color.xcassets; sourceTree = "<group>"; };
		3B3AE3722BA2BC3900CF0BA8 /* Pretendard-Regular.otf */ = {isa = PBXFileReference; lastKnownFileType = file; path = "Pretendard-Regular.otf"; sourceTree = "<group>"; };
		3B3AE3732BA2BC3900CF0BA8 /* Pretendard-Black.otf */ = {isa = PBXFileReference; lastKnownFileType = file; path = "Pretendard-Black.otf"; sourceTree = "<group>"; };
		3B3AE3742BA2BC3900CF0BA8 /* Pretendard-Medium.otf */ = {isa = PBXFileReference; lastKnownFileType = file; path = "Pretendard-Medium.otf"; sourceTree = "<group>"; };
		3B3AE3752BA2BC3900CF0BA8 /* Pretendard-Light.otf */ = {isa = PBXFileReference; lastKnownFileType = file; path = "Pretendard-Light.otf"; sourceTree = "<group>"; };
		3B3AE3762BA2BC3900CF0BA8 /* Pretendard-ExtraBold.otf */ = {isa = PBXFileReference; lastKnownFileType = file; path = "Pretendard-ExtraBold.otf"; sourceTree = "<group>"; };
		3B3AE3772BA2BC3900CF0BA8 /* Pretendard-Bold.otf */ = {isa = PBXFileReference; lastKnownFileType = file; path = "Pretendard-Bold.otf"; sourceTree = "<group>"; };
		3B3AE3782BA2BC3900CF0BA8 /* Font.swift */ = {isa = PBXFileReference; fileEncoding = 4; lastKnownFileType = sourcecode.swift; path = Font.swift; sourceTree = "<group>"; };
		3B3AE3792BA2BC3900CF0BA8 /* Pretendard-Thin.otf */ = {isa = PBXFileReference; lastKnownFileType = file; path = "Pretendard-Thin.otf"; sourceTree = "<group>"; };
		3B3AE37A2BA2BC3900CF0BA8 /* Pretendard-ExtraLight.otf */ = {isa = PBXFileReference; lastKnownFileType = file; path = "Pretendard-ExtraLight.otf"; sourceTree = "<group>"; };
		3B3AE37B2BA2BC3900CF0BA8 /* Pretendard-SemiBold.otf */ = {isa = PBXFileReference; lastKnownFileType = file; path = "Pretendard-SemiBold.otf"; sourceTree = "<group>"; };
		3B3AE3902BA2C09000CF0BA8 /* MainMyPageView.swift */ = {isa = PBXFileReference; lastKnownFileType = sourcecode.swift; name = MainMyPageView.swift; path = "../../../../../.Trash/SATTO-iOS 오후 2.00.08/SATTO/MainMyPageView.swift"; sourceTree = "<group>"; };
		3B3AE3932BA2C6E500CF0BA8 /* HomeView.swift */ = {isa = PBXFileReference; lastKnownFileType = sourcecode.swift; path = HomeView.swift; sourceTree = "<group>"; };
		3BBB8D082BA42ECF00AC5EF1 /* BottomTab.swift */ = {isa = PBXFileReference; lastKnownFileType = sourcecode.swift; path = BottomTab.swift; sourceTree = "<group>"; };
		3BBB8D0A2BA4302A00AC5EF1 /* FriendView.swift */ = {isa = PBXFileReference; lastKnownFileType = sourcecode.swift; path = FriendView.swift; sourceTree = "<group>"; };
		3BBB8D0C2BA4303100AC5EF1 /* SettingView.swift */ = {isa = PBXFileReference; lastKnownFileType = sourcecode.swift; path = SettingView.swift; sourceTree = "<group>"; };
		3BBB8D0E2BA4303E00AC5EF1 /* EventView.swift */ = {isa = PBXFileReference; lastKnownFileType = sourcecode.swift; path = EventView.swift; sourceTree = "<group>"; };
		AA9E80212B4912CB00D51447 /* MainView.swift */ = {isa = PBXFileReference; lastKnownFileType = sourcecode.swift; path = MainView.swift; sourceTree = "<group>"; };
		AACB4BCC2B40712D00169C52 /* SATTO.app */ = {isa = PBXFileReference; explicitFileType = wrapper.application; includeInIndex = 0; path = SATTO.app; sourceTree = BUILT_PRODUCTS_DIR; };
		AACB4BCF2B40712D00169C52 /* SATTOApp.swift */ = {isa = PBXFileReference; lastKnownFileType = sourcecode.swift; path = SATTOApp.swift; sourceTree = "<group>"; };
		AACB4BD12B40712D00169C52 /* LoginView.swift */ = {isa = PBXFileReference; lastKnownFileType = sourcecode.swift; path = LoginView.swift; sourceTree = "<group>"; };
		AACB4BD32B40712F00169C52 /* Assets.xcassets */ = {isa = PBXFileReference; lastKnownFileType = folder.assetcatalog; path = Assets.xcassets; sourceTree = "<group>"; };
		AACB4BD62B40712F00169C52 /* Preview Assets.xcassets */ = {isa = PBXFileReference; lastKnownFileType = folder.assetcatalog; path = "Preview Assets.xcassets"; sourceTree = "<group>"; };
/* End PBXFileReference section */

/* Begin PBXFrameworksBuildPhase section */
		AACB4BC92B40712D00169C52 /* Frameworks */ = {
			isa = PBXFrameworksBuildPhase;
			buildActionMask = 2147483647;
			files = (
			);
			runOnlyForDeploymentPostprocessing = 0;
		};
/* End PBXFrameworksBuildPhase section */

/* Begin PBXGroup section */
		3B3AE3532BA2BC2F00CF0BA8 /* TimeTable */ = {
			isa = PBXGroup;
			children = (
				3B3AE3542BA2BC2F00CF0BA8 /* TimeTableTabViews */,
				3B3AE35C2BA2BC2F00CF0BA8 /* TimeTableMainViewModel.swift */,
				3B3AE35D2BA2BC2F00CF0BA8 /* TimeTableMenuView.swift */,
				3B3AE35E2BA2BC2F00CF0BA8 /* TimeTableMainView.swift */,
				3B3AE35F2BA2BC2F00CF0BA8 /* BottomSheetViews */,
				3B3AE3612BA2BC2F00CF0BA8 /* TimeTableMakeView.swift */,
			);
			path = TimeTable;
			sourceTree = "<group>";
		};
		3B3AE3542BA2BC2F00CF0BA8 /* TimeTableTabViews */ = {
			isa = PBXGroup;
			children = (
				3B3AE3552BA2BC2F00CF0BA8 /* ThirdTabView.swift */,
				3B3AE3562BA2BC2F00CF0BA8 /* SeventhTabView.swift */,
				3B3AE3572BA2BC2F00CF0BA8 /* FirstTabView.swift */,
				3B3AE3582BA2BC2F00CF0BA8 /* FifthTabView.swift */,
				3B3AE3592BA2BC2F00CF0BA8 /* SecondTabView.swift */,
				3B3AE35A2BA2BC2F00CF0BA8 /* SixthTabView.swift */,
				3B3AE35B2BA2BC2F00CF0BA8 /* FourthTabView.swift */,
			);
			path = TimeTableTabViews;
			sourceTree = "<group>";
		};
		3B3AE35F2BA2BC2F00CF0BA8 /* BottomSheetViews */ = {
			isa = PBXGroup;
			children = (
				3B3AE3602BA2BC2F00CF0BA8 /* SearchSheetView.swift */,
			);
			path = BottomSheetViews;
			sourceTree = "<group>";
		};
		3B3AE36E2BA2BC3900CF0BA8 /* Resource */ = {
			isa = PBXGroup;
			children = (
				3B3AE36F2BA2BC3900CF0BA8 /* Color */,
				3B3AE3712BA2BC3900CF0BA8 /* Font */,
			);
			name = Resource;
			path = SATTO/Resource;
			sourceTree = SOURCE_ROOT;
		};
		3B3AE36F2BA2BC3900CF0BA8 /* Color */ = {
			isa = PBXGroup;
			children = (
				3B3AE3702BA2BC3900CF0BA8 /* Color.xcassets */,
			);
			path = Color;
			sourceTree = "<group>";
		};
		3B3AE3712BA2BC3900CF0BA8 /* Font */ = {
			isa = PBXGroup;
			children = (
				3B3AE3722BA2BC3900CF0BA8 /* Pretendard-Regular.otf */,
				3B3AE3732BA2BC3900CF0BA8 /* Pretendard-Black.otf */,
				3B3AE3742BA2BC3900CF0BA8 /* Pretendard-Medium.otf */,
				3B3AE3752BA2BC3900CF0BA8 /* Pretendard-Light.otf */,
				3B3AE3762BA2BC3900CF0BA8 /* Pretendard-ExtraBold.otf */,
				3B3AE3772BA2BC3900CF0BA8 /* Pretendard-Bold.otf */,
				3B3AE3782BA2BC3900CF0BA8 /* Font.swift */,
				3B3AE3792BA2BC3900CF0BA8 /* Pretendard-Thin.otf */,
				3B3AE37A2BA2BC3900CF0BA8 /* Pretendard-ExtraLight.otf */,
				3B3AE37B2BA2BC3900CF0BA8 /* Pretendard-SemiBold.otf */,
			);
			path = Font;
			sourceTree = "<group>";
		};
		3B3AE38F2BA2C05C00CF0BA8 /* MyPage */ = {
			isa = PBXGroup;
			children = (
				3B3AE3902BA2C09000CF0BA8 /* MainMyPageView.swift */,
			);
			path = MyPage;
			sourceTree = "<group>";
		};
		3B3AE3922BA2C6DA00CF0BA8 /* Home */ = {
			isa = PBXGroup;
			children = (
				3B3AE3932BA2C6E500CF0BA8 /* HomeView.swift */,
				3BBB8D082BA42ECF00AC5EF1 /* BottomTab.swift */,
			);
			path = Home;
			sourceTree = "<group>";
		};
		AACB4BC32B40712D00169C52 = {
			isa = PBXGroup;
			children = (
				AACB4BCE2B40712D00169C52 /* SATTO */,
				AACB4BCD2B40712D00169C52 /* Products */,
			);
			sourceTree = "<group>";
		};
		AACB4BCD2B40712D00169C52 /* Products */ = {
			isa = PBXGroup;
			children = (
				AACB4BCC2B40712D00169C52 /* SATTO.app */,
			);
			name = Products;
			sourceTree = "<group>";
		};
		AACB4BCE2B40712D00169C52 /* SATTO */ = {
			isa = PBXGroup;
			children = (
				AACB4BCF2B40712D00169C52 /* SATTOApp.swift */,
				AACB4BD12B40712D00169C52 /* LoginView.swift */,
				AA9E80212B4912CB00D51447 /* MainView.swift */,
				3BBB8D0A2BA4302A00AC5EF1 /* FriendView.swift */,
				3BBB8D0C2BA4303100AC5EF1 /* SettingView.swift */,
				3BBB8D0E2BA4303E00AC5EF1 /* EventView.swift */,
				3B3AE3922BA2C6DA00CF0BA8 /* Home */,
				3B3AE38F2BA2C05C00CF0BA8 /* MyPage */,
				3B3AE36E2BA2BC3900CF0BA8 /* Resource */,
				3B3AE3532BA2BC2F00CF0BA8 /* TimeTable */,
				AACB4BD32B40712F00169C52 /* Assets.xcassets */,
				AACB4BD52B40712F00169C52 /* Preview Content */,
			);
			path = SATTO;
			sourceTree = "<group>";
		};
		AACB4BD52B40712F00169C52 /* Preview Content */ = {
			isa = PBXGroup;
			children = (
				AACB4BD62B40712F00169C52 /* Preview Assets.xcassets */,
			);
			path = "Preview Content";
			sourceTree = "<group>";
		};
/* End PBXGroup section */

/* Begin PBXNativeTarget section */
		AACB4BCB2B40712D00169C52 /* SATTO */ = {
			isa = PBXNativeTarget;
			buildConfigurationList = AACB4BDA2B40712F00169C52 /* Build configuration list for PBXNativeTarget "SATTO" */;
			buildPhases = (
				AACB4BC82B40712D00169C52 /* Sources */,
				AACB4BC92B40712D00169C52 /* Frameworks */,
				AACB4BCA2B40712D00169C52 /* Resources */,
			);
			buildRules = (
			);
			dependencies = (
			);
			name = SATTO;
			packageProductDependencies = (
			);
			productName = SATTO;
			productReference = AACB4BCC2B40712D00169C52 /* SATTO.app */;
			productType = "com.apple.product-type.application";
		};
/* End PBXNativeTarget section */

/* Begin PBXProject section */
		AACB4BC42B40712D00169C52 /* Project object */ = {
			isa = PBXProject;
			attributes = {
				BuildIndependentTargetsInParallel = 1;
				LastSwiftUpdateCheck = 1510;
				LastUpgradeCheck = 1510;
				TargetAttributes = {
					AACB4BCB2B40712D00169C52 = {
						CreatedOnToolsVersion = 15.1;
					};
				};
			};
			buildConfigurationList = AACB4BC72B40712D00169C52 /* Build configuration list for PBXProject "SATTO" */;
			compatibilityVersion = "Xcode 14.0";
			developmentRegion = en;
			hasScannedForEncodings = 0;
			knownRegions = (
				en,
				Base,
			);
			mainGroup = AACB4BC32B40712D00169C52;
			packageReferences = (
				AA9E802B2B498DB300D51447 /* XCRemoteSwiftPackageReference "Moya" */,
				3B5E0EE92B49911900B72DAF /* XCRemoteSwiftPackageReference "PopupView" */,
			);
			productRefGroup = AACB4BCD2B40712D00169C52 /* Products */;
			projectDirPath = "";
			projectRoot = "";
			targets = (
				AACB4BCB2B40712D00169C52 /* SATTO */,
			);
		};
/* End PBXProject section */

/* Begin PBXResourcesBuildPhase section */
		AACB4BCA2B40712D00169C52 /* Resources */ = {
			isa = PBXResourcesBuildPhase;
			buildActionMask = 2147483647;
			files = (
				AACB4BD72B40712F00169C52 /* Preview Assets.xcassets in Resources */,
				3B3AE3842BA2BC3900CF0BA8 /* Pretendard-Thin.otf in Resources */,
				3B3AE37D2BA2BC3900CF0BA8 /* Pretendard-Regular.otf in Resources */,
				3B3AE3862BA2BC3900CF0BA8 /* Pretendard-SemiBold.otf in Resources */,
				3B3AE3812BA2BC3900CF0BA8 /* Pretendard-ExtraBold.otf in Resources */,
				AACB4BD42B40712F00169C52 /* Assets.xcassets in Resources */,
				3B3AE37C2BA2BC3900CF0BA8 /* Color.xcassets in Resources */,
				3B3AE3802BA2BC3900CF0BA8 /* Pretendard-Light.otf in Resources */,
				3B3AE37E2BA2BC3900CF0BA8 /* Pretendard-Black.otf in Resources */,
				3B3AE3822BA2BC3900CF0BA8 /* Pretendard-Bold.otf in Resources */,
				3B3AE37F2BA2BC3900CF0BA8 /* Pretendard-Medium.otf in Resources */,
				3B3AE3852BA2BC3900CF0BA8 /* Pretendard-ExtraLight.otf in Resources */,
			);
			runOnlyForDeploymentPostprocessing = 0;
		};
/* End PBXResourcesBuildPhase section */

/* Begin PBXSourcesBuildPhase section */
		AACB4BC82B40712D00169C52 /* Sources */ = {
			isa = PBXSourcesBuildPhase;
			buildActionMask = 2147483647;
			files = (
				AACB4BD22B40712D00169C52 /* LoginView.swift in Sources */,
				3B3AE3692BA2BC2F00CF0BA8 /* TimeTableMainViewModel.swift in Sources */,
				3B3AE36D2BA2BC2F00CF0BA8 /* TimeTableMakeView.swift in Sources */,
				3BBB8D0D2BA4303100AC5EF1 /* SettingView.swift in Sources */,
				3B3AE3652BA2BC2F00CF0BA8 /* FifthTabView.swift in Sources */,
				3B3AE3642BA2BC2F00CF0BA8 /* FirstTabView.swift in Sources */,
				AA9E80222B4912CB00D51447 /* MainView.swift in Sources */,
				3B3AE36A2BA2BC2F00CF0BA8 /* TimeTableMenuView.swift in Sources */,
				3B3AE3682BA2BC2F00CF0BA8 /* FourthTabView.swift in Sources */,
				3B3AE3662BA2BC2F00CF0BA8 /* SecondTabView.swift in Sources */,
				3B3AE3942BA2C6E500CF0BA8 /* HomeView.swift in Sources */,
				3B3AE3622BA2BC2F00CF0BA8 /* ThirdTabView.swift in Sources */,
				3B3AE36B2BA2BC2F00CF0BA8 /* TimeTableMainView.swift in Sources */,
				3BBB8D0F2BA4303E00AC5EF1 /* EventView.swift in Sources */,
				3BBB8D092BA42ECF00AC5EF1 /* BottomTab.swift in Sources */,
				3B3AE36C2BA2BC2F00CF0BA8 /* SearchSheetView.swift in Sources */,
				3B3AE3832BA2BC3900CF0BA8 /* Font.swift in Sources */,
				3B3AE3632BA2BC2F00CF0BA8 /* SeventhTabView.swift in Sources */,
				3B3AE3672BA2BC2F00CF0BA8 /* SixthTabView.swift in Sources */,
				AACB4BD02B40712D00169C52 /* SATTOApp.swift in Sources */,
				3BBB8D0B2BA4302A00AC5EF1 /* FriendView.swift in Sources */,
				3B3AE3912BA2C09000CF0BA8 /* MainMyPageView.swift in Sources */,
			);
			runOnlyForDeploymentPostprocessing = 0;
		};
/* End PBXSourcesBuildPhase section */

/* Begin XCBuildConfiguration section */
		AACB4BD82B40712F00169C52 /* Debug */ = {
			isa = XCBuildConfiguration;
			buildSettings = {
				ALWAYS_SEARCH_USER_PATHS = NO;
				ASSETCATALOG_COMPILER_GENERATE_SWIFT_ASSET_SYMBOL_EXTENSIONS = YES;
				CLANG_ANALYZER_NONNULL = YES;
				CLANG_ANALYZER_NUMBER_OBJECT_CONVERSION = YES_AGGRESSIVE;
				CLANG_CXX_LANGUAGE_STANDARD = "gnu++20";
				CLANG_ENABLE_MODULES = YES;
				CLANG_ENABLE_OBJC_ARC = YES;
				CLANG_ENABLE_OBJC_WEAK = YES;
				CLANG_WARN_BLOCK_CAPTURE_AUTORELEASING = YES;
				CLANG_WARN_BOOL_CONVERSION = YES;
				CLANG_WARN_COMMA = YES;
				CLANG_WARN_CONSTANT_CONVERSION = YES;
				CLANG_WARN_DEPRECATED_OBJC_IMPLEMENTATIONS = YES;
				CLANG_WARN_DIRECT_OBJC_ISA_USAGE = YES_ERROR;
				CLANG_WARN_DOCUMENTATION_COMMENTS = YES;
				CLANG_WARN_EMPTY_BODY = YES;
				CLANG_WARN_ENUM_CONVERSION = YES;
				CLANG_WARN_INFINITE_RECURSION = YES;
				CLANG_WARN_INT_CONVERSION = YES;
				CLANG_WARN_NON_LITERAL_NULL_CONVERSION = YES;
				CLANG_WARN_OBJC_IMPLICIT_RETAIN_SELF = YES;
				CLANG_WARN_OBJC_LITERAL_CONVERSION = YES;
				CLANG_WARN_OBJC_ROOT_CLASS = YES_ERROR;
				CLANG_WARN_QUOTED_INCLUDE_IN_FRAMEWORK_HEADER = YES;
				CLANG_WARN_RANGE_LOOP_ANALYSIS = YES;
				CLANG_WARN_STRICT_PROTOTYPES = YES;
				CLANG_WARN_SUSPICIOUS_MOVE = YES;
				CLANG_WARN_UNGUARDED_AVAILABILITY = YES_AGGRESSIVE;
				CLANG_WARN_UNREACHABLE_CODE = YES;
				CLANG_WARN__DUPLICATE_METHOD_MATCH = YES;
				COPY_PHASE_STRIP = NO;
				DEBUG_INFORMATION_FORMAT = dwarf;
				ENABLE_STRICT_OBJC_MSGSEND = YES;
				ENABLE_TESTABILITY = YES;
				ENABLE_USER_SCRIPT_SANDBOXING = YES;
				GCC_C_LANGUAGE_STANDARD = gnu17;
				GCC_DYNAMIC_NO_PIC = NO;
				GCC_NO_COMMON_BLOCKS = YES;
				GCC_OPTIMIZATION_LEVEL = 0;
				GCC_PREPROCESSOR_DEFINITIONS = (
					"DEBUG=1",
					"$(inherited)",
				);
				GCC_WARN_64_TO_32_BIT_CONVERSION = YES;
				GCC_WARN_ABOUT_RETURN_TYPE = YES_ERROR;
				GCC_WARN_UNDECLARED_SELECTOR = YES;
				GCC_WARN_UNINITIALIZED_AUTOS = YES_AGGRESSIVE;
				GCC_WARN_UNUSED_FUNCTION = YES;
				GCC_WARN_UNUSED_VARIABLE = YES;
				IPHONEOS_DEPLOYMENT_TARGET = 17.2;
				LOCALIZATION_PREFERS_STRING_CATALOGS = YES;
				MTL_ENABLE_DEBUG_INFO = INCLUDE_SOURCE;
				MTL_FAST_MATH = YES;
				ONLY_ACTIVE_ARCH = YES;
				SDKROOT = iphoneos;
				SWIFT_ACTIVE_COMPILATION_CONDITIONS = "DEBUG $(inherited)";
				SWIFT_OPTIMIZATION_LEVEL = "-Onone";
			};
			name = Debug;
		};
		AACB4BD92B40712F00169C52 /* Release */ = {
			isa = XCBuildConfiguration;
			buildSettings = {
				ALWAYS_SEARCH_USER_PATHS = NO;
				ASSETCATALOG_COMPILER_GENERATE_SWIFT_ASSET_SYMBOL_EXTENSIONS = YES;
				CLANG_ANALYZER_NONNULL = YES;
				CLANG_ANALYZER_NUMBER_OBJECT_CONVERSION = YES_AGGRESSIVE;
				CLANG_CXX_LANGUAGE_STANDARD = "gnu++20";
				CLANG_ENABLE_MODULES = YES;
				CLANG_ENABLE_OBJC_ARC = YES;
				CLANG_ENABLE_OBJC_WEAK = YES;
				CLANG_WARN_BLOCK_CAPTURE_AUTORELEASING = YES;
				CLANG_WARN_BOOL_CONVERSION = YES;
				CLANG_WARN_COMMA = YES;
				CLANG_WARN_CONSTANT_CONVERSION = YES;
				CLANG_WARN_DEPRECATED_OBJC_IMPLEMENTATIONS = YES;
				CLANG_WARN_DIRECT_OBJC_ISA_USAGE = YES_ERROR;
				CLANG_WARN_DOCUMENTATION_COMMENTS = YES;
				CLANG_WARN_EMPTY_BODY = YES;
				CLANG_WARN_ENUM_CONVERSION = YES;
				CLANG_WARN_INFINITE_RECURSION = YES;
				CLANG_WARN_INT_CONVERSION = YES;
				CLANG_WARN_NON_LITERAL_NULL_CONVERSION = YES;
				CLANG_WARN_OBJC_IMPLICIT_RETAIN_SELF = YES;
				CLANG_WARN_OBJC_LITERAL_CONVERSION = YES;
				CLANG_WARN_OBJC_ROOT_CLASS = YES_ERROR;
				CLANG_WARN_QUOTED_INCLUDE_IN_FRAMEWORK_HEADER = YES;
				CLANG_WARN_RANGE_LOOP_ANALYSIS = YES;
				CLANG_WARN_STRICT_PROTOTYPES = YES;
				CLANG_WARN_SUSPICIOUS_MOVE = YES;
				CLANG_WARN_UNGUARDED_AVAILABILITY = YES_AGGRESSIVE;
				CLANG_WARN_UNREACHABLE_CODE = YES;
				CLANG_WARN__DUPLICATE_METHOD_MATCH = YES;
				COPY_PHASE_STRIP = NO;
				DEBUG_INFORMATION_FORMAT = "dwarf-with-dsym";
				ENABLE_NS_ASSERTIONS = NO;
				ENABLE_STRICT_OBJC_MSGSEND = YES;
				ENABLE_USER_SCRIPT_SANDBOXING = YES;
				GCC_C_LANGUAGE_STANDARD = gnu17;
				GCC_NO_COMMON_BLOCKS = YES;
				GCC_WARN_64_TO_32_BIT_CONVERSION = YES;
				GCC_WARN_ABOUT_RETURN_TYPE = YES_ERROR;
				GCC_WARN_UNDECLARED_SELECTOR = YES;
				GCC_WARN_UNINITIALIZED_AUTOS = YES_AGGRESSIVE;
				GCC_WARN_UNUSED_FUNCTION = YES;
				GCC_WARN_UNUSED_VARIABLE = YES;
				IPHONEOS_DEPLOYMENT_TARGET = 17.2;
				LOCALIZATION_PREFERS_STRING_CATALOGS = YES;
				MTL_ENABLE_DEBUG_INFO = NO;
				MTL_FAST_MATH = YES;
				SDKROOT = iphoneos;
				SWIFT_COMPILATION_MODE = wholemodule;
				VALIDATE_PRODUCT = YES;
			};
			name = Release;
		};
		AACB4BDB2B40712F00169C52 /* Debug */ = {
			isa = XCBuildConfiguration;
			buildSettings = {
				ASSETCATALOG_COMPILER_APPICON_NAME = AppIcon;
				ASSETCATALOG_COMPILER_GLOBAL_ACCENT_COLOR_NAME = AccentColor;
				CODE_SIGN_STYLE = Automatic;
				CURRENT_PROJECT_VERSION = 1;
				DEVELOPMENT_ASSET_PATHS = "\"SATTO/Preview Content\"";
				ENABLE_PREVIEWS = YES;
				GENERATE_INFOPLIST_FILE = YES;
				INFOPLIST_KEY_UIApplicationSceneManifest_Generation = YES;
				INFOPLIST_KEY_UIApplicationSupportsIndirectInputEvents = YES;
				INFOPLIST_KEY_UILaunchScreen_Generation = YES;
				INFOPLIST_KEY_UISupportedInterfaceOrientations_iPad = "UIInterfaceOrientationPortrait UIInterfaceOrientationPortraitUpsideDown UIInterfaceOrientationLandscapeLeft UIInterfaceOrientationLandscapeRight";
				INFOPLIST_KEY_UISupportedInterfaceOrientations_iPhone = "UIInterfaceOrientationPortrait UIInterfaceOrientationLandscapeLeft UIInterfaceOrientationLandscapeRight";
				LD_RUNPATH_SEARCH_PATHS = (
					"$(inherited)",
					"@executable_path/Frameworks",
				);
				MARKETING_VERSION = 1.0;
				PRODUCT_BUNDLE_IDENTIFIER = "SATTO-iOS.SATTO";
				PRODUCT_NAME = "$(TARGET_NAME)";
				SWIFT_EMIT_LOC_STRINGS = YES;
				SWIFT_VERSION = 5.0;
				TARGETED_DEVICE_FAMILY = "1,2";
			};
			name = Debug;
		};
		AACB4BDC2B40712F00169C52 /* Release */ = {
			isa = XCBuildConfiguration;
			buildSettings = {
				ASSETCATALOG_COMPILER_APPICON_NAME = AppIcon;
				ASSETCATALOG_COMPILER_GLOBAL_ACCENT_COLOR_NAME = AccentColor;
				CODE_SIGN_STYLE = Automatic;
				CURRENT_PROJECT_VERSION = 1;
				DEVELOPMENT_ASSET_PATHS = "\"SATTO/Preview Content\"";
				ENABLE_PREVIEWS = YES;
				GENERATE_INFOPLIST_FILE = YES;
				INFOPLIST_KEY_UIApplicationSceneManifest_Generation = YES;
				INFOPLIST_KEY_UIApplicationSupportsIndirectInputEvents = YES;
				INFOPLIST_KEY_UILaunchScreen_Generation = YES;
				INFOPLIST_KEY_UISupportedInterfaceOrientations_iPad = "UIInterfaceOrientationPortrait UIInterfaceOrientationPortraitUpsideDown UIInterfaceOrientationLandscapeLeft UIInterfaceOrientationLandscapeRight";
				INFOPLIST_KEY_UISupportedInterfaceOrientations_iPhone = "UIInterfaceOrientationPortrait UIInterfaceOrientationLandscapeLeft UIInterfaceOrientationLandscapeRight";
				LD_RUNPATH_SEARCH_PATHS = (
					"$(inherited)",
					"@executable_path/Frameworks",
				);
				MARKETING_VERSION = 1.0;
				PRODUCT_BUNDLE_IDENTIFIER = "SATTO-iOS.SATTO";
				PRODUCT_NAME = "$(TARGET_NAME)";
				SWIFT_EMIT_LOC_STRINGS = YES;
				SWIFT_VERSION = 5.0;
				TARGETED_DEVICE_FAMILY = "1,2";
			};
			name = Release;
		};
/* End XCBuildConfiguration section */

/* Begin XCConfigurationList section */
		AACB4BC72B40712D00169C52 /* Build configuration list for PBXProject "SATTO" */ = {
			isa = XCConfigurationList;
			buildConfigurations = (
				AACB4BD82B40712F00169C52 /* Debug */,
				AACB4BD92B40712F00169C52 /* Release */,
			);
			defaultConfigurationIsVisible = 0;
			defaultConfigurationName = Release;
		};
		AACB4BDA2B40712F00169C52 /* Build configuration list for PBXNativeTarget "SATTO" */ = {
			isa = XCConfigurationList;
			buildConfigurations = (
				AACB4BDB2B40712F00169C52 /* Debug */,
				AACB4BDC2B40712F00169C52 /* Release */,
			);
			defaultConfigurationIsVisible = 0;
			defaultConfigurationName = Release;
		};
/* End XCConfigurationList section */

/* Begin XCRemoteSwiftPackageReference section */
		3B5E0EE92B49911900B72DAF /* XCRemoteSwiftPackageReference "PopupView" */ = {
			isa = XCRemoteSwiftPackageReference;
			repositoryURL = "https://github.com/exyte/PopupView.git";
			requirement = {
				kind = upToNextMajorVersion;
				minimumVersion = 2.8.3;
			};
		};
		AA9E802B2B498DB300D51447 /* XCRemoteSwiftPackageReference "Moya" */ = {
			isa = XCRemoteSwiftPackageReference;
			repositoryURL = "https://github.com/Moya/Moya";
			requirement = {
				kind = upToNextMajorVersion;
				minimumVersion = 15.0.3;
			};
		};
/* End XCRemoteSwiftPackageReference section */
	};
	rootObject = AACB4BC42B40712D00169C52 /* Project object */;
}
