// !$*UTF8*$!
{
	archiveVersion = 1;
	classes = {
	};
	objectVersion = 56;
	objects = {

/* Begin PBXBuildFile section */
		3B0927162C3A6F3100777EEC /* secret.plist in Resources */ = {isa = PBXBuildFile; fileRef = 3B0927152C3A6F3100777EEC /* secret.plist */; };
		3B0927182C3A78EE00777EEC /* WebView.swift in Sources */ = {isa = PBXBuildFile; fileRef = 3B0927172C3A78EE00777EEC /* WebView.swift */; };
		3B1270DC2BB147DC00E38F86 /* EventView.swift in Sources */ = {isa = PBXBuildFile; fileRef = 3B1270DB2BB147DC00E38F86 /* EventView.swift */; };
		3B41FE572C858DD700228EBC /* PasswordResetView.swift in Sources */ = {isa = PBXBuildFile; fileRef = 3B41FE562C858DD700228EBC /* PasswordResetView.swift */; };
		3B56A3432C09B7F40034B25B /* LoginView.swift in Sources */ = {isa = PBXBuildFile; fileRef = 3B56A3422C09B7F40034B25B /* LoginView.swift */; };
		3B56A3492C09B83B0034B25B /* EmailAuthView.swift in Sources */ = {isa = PBXBuildFile; fileRef = 3B56A3482C09B83B0034B25B /* EmailAuthView.swift */; };
		3B56A3512C09B8500034B25B /* SignUpView.swift in Sources */ = {isa = PBXBuildFile; fileRef = 3B56A3502C09B8500034B25B /* SignUpView.swift */; };
		3B56A3562C09B9F40034B25B /* KeychainSwift in Frameworks */ = {isa = PBXBuildFile; productRef = 3B56A3552C09B9F40034B25B /* KeychainSwift */; };
		3B742B5A2BB687D60000399F /* SearchView.swift in Sources */ = {isa = PBXBuildFile; fileRef = 3B742B592BB687D60000399F /* SearchView.swift */; };
		3B742B7C2BBE7C570000399F /* CompareTimeTableView.swift in Sources */ = {isa = PBXBuildFile; fileRef = 3B742B7B2BBE7C570000399F /* CompareTimeTableView.swift */; };
		3B79D5E02C1FE0B6002FE98F /* Asset.xcassets in Resources */ = {isa = PBXBuildFile; fileRef = 3B79D5DF2C1FE0B6002FE98F /* Asset.xcassets */; };
		3B82D8582C211637008E0138 /* AuthAPI.swift in Sources */ = {isa = PBXBuildFile; fileRef = 3B82D8572C211637008E0138 /* AuthAPI.swift */; };
		3B82D85A2C211641008E0138 /* AuthViewModel.swift in Sources */ = {isa = PBXBuildFile; fileRef = 3B82D8592C211641008E0138 /* AuthViewModel.swift */; };
		3B82D8872C2264D6008E0138 /* SwiftKeychainWrapper in Frameworks */ = {isa = PBXBuildFile; productRef = 3B82D8862C2264D6008E0138 /* SwiftKeychainWrapper */; };
		3B82D88C2C2268A0008E0138 /* KeyChainManager.swift in Sources */ = {isa = PBXBuildFile; fileRef = 3B82D88B2C2268A0008E0138 /* KeyChainManager.swift */; };
		3B82D8922C23E06F008E0138 /* UserModel.swift in Sources */ = {isa = PBXBuildFile; fileRef = 3B82D8912C23E06F008E0138 /* UserModel.swift */; };
		3B82D8A42C2BB513008E0138 /* FriendAPI.swift in Sources */ = {isa = PBXBuildFile; fileRef = 3B82D8A32C2BB513008E0138 /* FriendAPI.swift */; };
		3B82D8A62C2BB700008E0138 /* FriendViewModel.swift in Sources */ = {isa = PBXBuildFile; fileRef = 3B82D8A52C2BB700008E0138 /* FriendViewModel.swift */; };
		3B82D8BD2C3A3737008E0138 /* FriendModel.swift in Sources */ = {isa = PBXBuildFile; fileRef = 3B82D8BC2C3A3737008E0138 /* FriendModel.swift */; };
		3B82D8C02C3A6D0F008E0138 /* HomeView.swift in Sources */ = {isa = PBXBuildFile; fileRef = 3B82D8BF2C3A6D0F008E0138 /* HomeView.swift */; };
		3B8335BD2BEA182D0008EFB5 /* ProgressEventView.swift in Sources */ = {isa = PBXBuildFile; fileRef = 3B8335BC2BEA182D0008EFB5 /* ProgressEventView.swift */; };
		3B8335BF2BEA18650008EFB5 /* AnnouncementEventView.swift in Sources */ = {isa = PBXBuildFile; fileRef = 3B8335BE2BEA18650008EFB5 /* AnnouncementEventView.swift */; };
		3B8335C12BEA19030008EFB5 /* DetailProgressEventView.swift in Sources */ = {isa = PBXBuildFile; fileRef = 3B8335C02BEA19030008EFB5 /* DetailProgressEventView.swift */; };
		3B8335C32BEA197D0008EFB5 /* UploadImageView.swift in Sources */ = {isa = PBXBuildFile; fileRef = 3B8335C22BEA197D0008EFB5 /* UploadImageView.swift */; };
		3BCCBFCE2C7C44EC00C6427A /* AuthPlugin.swift in Sources */ = {isa = PBXBuildFile; fileRef = 3BCCBFCD2C7C44EC00C6427A /* AuthPlugin.swift */; };
		3BCCBFD02C7D610E00C6427A /* EditProfileView.swift in Sources */ = {isa = PBXBuildFile; fileRef = 3BCCBFCF2C7D610E00C6427A /* EditProfileView.swift */; };
		3BCCBFD22C7D68B300C6427A /* EditPasswordView.swift in Sources */ = {isa = PBXBuildFile; fileRef = 3BCCBFD12C7D68B300C6427A /* EditPasswordView.swift */; };
		3BCCBFD62C82AB3A00C6427A /* DetailAnnouncementEventView.swift in Sources */ = {isa = PBXBuildFile; fileRef = 3BCCBFD52C82AB3A00C6427A /* DetailAnnouncementEventView.swift */; };
		3BD5322B2BF06ADB00152A77 /* Event.swift in Sources */ = {isa = PBXBuildFile; fileRef = 3BD5322A2BF06ADB00152A77 /* Event.swift */; };
		3BD5322D2BF06AEB00152A77 /* EventViewModel.swift in Sources */ = {isa = PBXBuildFile; fileRef = 3BD5322C2BF06AEB00152A77 /* EventViewModel.swift */; };
		3BF1F4972C464C5700B32C66 /* CustomBackButton.swift in Sources */ = {isa = PBXBuildFile; fileRef = 3BF1F4962C464C5700B32C66 /* CustomBackButton.swift */; };
		3BF1F4992C464C7400B32C66 /* CustomNavigationTitle.swift in Sources */ = {isa = PBXBuildFile; fileRef = 3BF1F4982C464C7400B32C66 /* CustomNavigationTitle.swift */; };
		3BF1F49B2C465E7500B32C66 /* FriendViewHelper.swift in Sources */ = {isa = PBXBuildFile; fileRef = 3BF1F49A2C465E7500B32C66 /* FriendViewHelper.swift */; };
		3BF1F49D2C465EA900B32C66 /* ProfileImageCell.swift in Sources */ = {isa = PBXBuildFile; fileRef = 3BF1F49C2C465EA900B32C66 /* ProfileImageCell.swift */; };
		3BF1F4A52C538ACD00B32C66 /* MyPageView.swift in Sources */ = {isa = PBXBuildFile; fileRef = 3BF1F4A42C538ACD00B32C66 /* MyPageView.swift */; };
		3BF1F4A72C538AF900B32C66 /* TimeTableTutorial.swift in Sources */ = {isa = PBXBuildFile; fileRef = 3BF1F4A62C538AF900B32C66 /* TimeTableTutorial.swift */; };
		3BF1F4A92C538B1900B32C66 /* FollwerSearchView.swift in Sources */ = {isa = PBXBuildFile; fileRef = 3BF1F4A82C538B1900B32C66 /* FollwerSearchView.swift */; };
		3BF1F4AB2C538B3100B32C66 /* FollowingSearchView.swift in Sources */ = {isa = PBXBuildFile; fileRef = 3BF1F4AA2C538B3100B32C66 /* FollowingSearchView.swift */; };
		3BF1F4AE2C5B15E300B32C66 /* EventAPI.swift in Sources */ = {isa = PBXBuildFile; fileRef = 3BF1F4AD2C5B15E300B32C66 /* EventAPI.swift */; };
		AA068F072CAB329D003F5750 /* TimetableView.swift in Sources */ = {isa = PBXBuildFile; fileRef = AA068F062CAB3294003F5750 /* TimetableView.swift */; };
		AA068F092CAB34C5003F5750 /* TimetableConfiguration.swift in Sources */ = {isa = PBXBuildFile; fileRef = AA068F082CAB34C5003F5750 /* TimetableConfiguration.swift */; };
		AA068F0F2CAB9786003F5750 /* TimetableBlock.swift in Sources */ = {isa = PBXBuildFile; fileRef = AA068F0E2CAB977D003F5750 /* TimetableBlock.swift */; };
		AA068F132CABDF3E003F5750 /* TimeSelectorView.swift in Sources */ = {isa = PBXBuildFile; fileRef = AA068F122CABDF34003F5750 /* TimeSelectorView.swift */; };
		AA068F172CAD3842003F5750 /* LectureSearchBar.swift in Sources */ = {isa = PBXBuildFile; fileRef = AA068F162CAD383F003F5750 /* LectureSearchBar.swift */; };
		AA068F192CAD3B1E003F5750 /* LectureCategory.swift in Sources */ = {isa = PBXBuildFile; fileRef = AA068F182CAD3B1B003F5750 /* LectureCategory.swift */; };
		AA068F1D2CAE1A65003F5750 /* LectureFilterView.swift in Sources */ = {isa = PBXBuildFile; fileRef = AA068F1C2CAE1A61003F5750 /* LectureFilterView.swift */; };
		AA068F202CAFC006003F5750 /* LectureButtons.swift in Sources */ = {isa = PBXBuildFile; fileRef = AA068F1F2CAFBFFD003F5750 /* LectureButtons.swift */; };
		AA068F252CB3A35C003F5750 /* STPopup.swift in Sources */ = {isa = PBXBuildFile; fileRef = AA068F242CB3A358003F5750 /* STPopup.swift */; };
		AA0B714E2C07C77100216A32 /* TimetableProgressView.swift in Sources */ = {isa = PBXBuildFile; fileRef = AA0B714D2C07C77100216A32 /* TimetableProgressView.swift */; };
		AA0DFC982C0F63B4002ED3C9 /* TimetableDto.swift in Sources */ = {isa = PBXBuildFile; fileRef = AA0DFC972C0F63B4002ED3C9 /* TimetableDto.swift */; };
		AA0DFC9A2C0F63E6002ED3C9 /* TimetableRouter.swift in Sources */ = {isa = PBXBuildFile; fileRef = AA0DFC992C0F63E6002ED3C9 /* TimetableRouter.swift */; };
		AA1018A22BDE812A009E6804 /* TimetableCustom.swift in Sources */ = {isa = PBXBuildFile; fileRef = AA1018A12BDE812A009E6804 /* TimetableCustom.swift */; };
		AA1018A92BDE882C009E6804 /* LectureModel.swift in Sources */ = {isa = PBXBuildFile; fileRef = AA1018A82BDE882C009E6804 /* LectureModel.swift */; };
		AA65E6002C25AC8900655856 /* TimetableModifyView.swift in Sources */ = {isa = PBXBuildFile; fileRef = AA65E5FF2C25AC8900655856 /* TimetableModifyView.swift */; };
		AA65E6022C25B1AB00655856 /* TimetableMainViewModel.swift in Sources */ = {isa = PBXBuildFile; fileRef = AA65E6012C25B1AB00655856 /* TimetableMainViewModel.swift */; };
		AA65E60A2C3019E800655856 /* LectureDto.swift in Sources */ = {isa = PBXBuildFile; fileRef = AA65E6092C3019E800655856 /* LectureDto.swift */; };
		AA65E60C2C3028B900655856 /* LectureSearchViewModel.swift in Sources */ = {isa = PBXBuildFile; fileRef = AA65E60B2C3028B900655856 /* LectureSearchViewModel.swift */; };
		AA66001E2C21D6EB0055557C /* TimetableRepository.swift in Sources */ = {isa = PBXBuildFile; fileRef = AA66001D2C21D6EB0055557C /* TimetableRepository.swift */; };
		AA9E219C2BC81FC800F0566A /* MidCheckView.swift in Sources */ = {isa = PBXBuildFile; fileRef = AA9E219B2BC81FC800F0566A /* MidCheckView.swift */; };
		AA9E802D2B498DB400D51447 /* CombineMoya in Frameworks */ = {isa = PBXBuildFile; productRef = AA9E802C2B498DB400D51447 /* CombineMoya */; };
		AA9E802F2B498DB400D51447 /* Moya in Frameworks */ = {isa = PBXBuildFile; productRef = AA9E802E2B498DB400D51447 /* Moya */; };
		AA9E80312B498DB400D51447 /* ReactiveMoya in Frameworks */ = {isa = PBXBuildFile; productRef = AA9E80302B498DB400D51447 /* ReactiveMoya */; };
		AA9E80332B498DB400D51447 /* RxMoya in Frameworks */ = {isa = PBXBuildFile; productRef = AA9E80322B498DB400D51447 /* RxMoya */; };
		AAA5227B2C80C2780056C9B7 /* AgreeView.swift in Sources */ = {isa = PBXBuildFile; fileRef = AAA5227A2C80C2780056C9B7 /* AgreeView.swift */; };
		AAA9504C2BA5C396004E16C8 /* Color.xcassets in Resources */ = {isa = PBXBuildFile; fileRef = AAA9503E2BA5C396004E16C8 /* Color.xcassets */; };
		AAA9504D2BA5C396004E16C8 /* Font.swift in Sources */ = {isa = PBXBuildFile; fileRef = AAA950402BA5C396004E16C8 /* Font.swift */; };
		AAA9504E2BA5C396004E16C8 /* Pretendard-Black.otf in Resources */ = {isa = PBXBuildFile; fileRef = AAA950412BA5C396004E16C8 /* Pretendard-Black.otf */; };
		AAA9504F2BA5C396004E16C8 /* Pretendard-Bold.otf in Resources */ = {isa = PBXBuildFile; fileRef = AAA950422BA5C396004E16C8 /* Pretendard-Bold.otf */; };
		AAA950502BA5C396004E16C8 /* Pretendard-ExtraBold.otf in Resources */ = {isa = PBXBuildFile; fileRef = AAA950432BA5C396004E16C8 /* Pretendard-ExtraBold.otf */; };
		AAA950512BA5C396004E16C8 /* Pretendard-ExtraLight.otf in Resources */ = {isa = PBXBuildFile; fileRef = AAA950442BA5C396004E16C8 /* Pretendard-ExtraLight.otf */; };
		AAA950522BA5C396004E16C8 /* Pretendard-Light.otf in Resources */ = {isa = PBXBuildFile; fileRef = AAA950452BA5C396004E16C8 /* Pretendard-Light.otf */; };
		AAA950532BA5C396004E16C8 /* Pretendard-Medium.otf in Resources */ = {isa = PBXBuildFile; fileRef = AAA950462BA5C396004E16C8 /* Pretendard-Medium.otf */; };
		AAA950542BA5C396004E16C8 /* Pretendard-Regular.otf in Resources */ = {isa = PBXBuildFile; fileRef = AAA950472BA5C396004E16C8 /* Pretendard-Regular.otf */; };
		AAA950552BA5C396004E16C8 /* Pretendard-SemiBold.otf in Resources */ = {isa = PBXBuildFile; fileRef = AAA950482BA5C396004E16C8 /* Pretendard-SemiBold.otf */; };
		AAA950562BA5C396004E16C8 /* Pretendard-Thin.otf in Resources */ = {isa = PBXBuildFile; fileRef = AAA950492BA5C396004E16C8 /* Pretendard-Thin.otf */; };
		AAA950672BA5C39B004E16C8 /* MajorCombSelectorView.swift in Sources */ = {isa = PBXBuildFile; fileRef = AAA950592BA5C39B004E16C8 /* MajorCombSelectorView.swift */; };
		AAA950682BA5C39B004E16C8 /* CreditPickerView.swift in Sources */ = {isa = PBXBuildFile; fileRef = AAA9505A2BA5C39B004E16C8 /* CreditPickerView.swift */; };
		AAA950692BA5C39B004E16C8 /* InvalidTimeSelectorView.swift in Sources */ = {isa = PBXBuildFile; fileRef = AAA9505B2BA5C39B004E16C8 /* InvalidTimeSelectorView.swift */; };
		AAA9506A2BA5C39B004E16C8 /* EssentialLectureSelector.swift in Sources */ = {isa = PBXBuildFile; fileRef = AAA9505C2BA5C39B004E16C8 /* EssentialLectureSelector.swift */; };
		AAA9506B2BA5C39B004E16C8 /* FinalTimetableSelectorView.swift in Sources */ = {isa = PBXBuildFile; fileRef = AAA9505D2BA5C39B004E16C8 /* FinalTimetableSelectorView.swift */; };
		AAA9506E2BA5C39B004E16C8 /* TimetableMainView.swift in Sources */ = {isa = PBXBuildFile; fileRef = AAA950612BA5C39B004E16C8 /* TimetableMainView.swift */; };
		AAA9506F2BA5C39B004E16C8 /* ConstraintsViewModel.swift in Sources */ = {isa = PBXBuildFile; fileRef = AAA950622BA5C39B004E16C8 /* ConstraintsViewModel.swift */; };
		AAA950702BA5C39B004E16C8 /* TimetableAutoView.swift in Sources */ = {isa = PBXBuildFile; fileRef = AAA950632BA5C39B004E16C8 /* TimetableAutoView.swift */; };
		AAA950712BA5C39B004E16C8 /* TimetableListView.swift in Sources */ = {isa = PBXBuildFile; fileRef = AAA950642BA5C39B004E16C8 /* TimetableListView.swift */; };
		AAA9507C2BA5C498004E16C8 /* PopupView in Frameworks */ = {isa = PBXBuildFile; productRef = AAA9507B2BA5C498004E16C8 /* PopupView */; };
		AAA950812BA5E7A5004E16C8 /* TimetableOptionView.swift in Sources */ = {isa = PBXBuildFile; fileRef = AAA950802BA5E7A5004E16C8 /* TimetableOptionView.swift */; };
		AAA9508B2BA723C2004E16C8 /* LectureTimeSelectorView.swift in Sources */ = {isa = PBXBuildFile; fileRef = AAA9508A2BA723C2004E16C8 /* LectureTimeSelectorView.swift */; };
		AAA9508C2BB5A260004E16C8 /* ContentView.swift in Sources */ = {isa = PBXBuildFile; fileRef = 3B1270D52BB147A200E38F86 /* ContentView.swift */; };
		AAA9508D2BB5A263004E16C8 /* FriendView.swift in Sources */ = {isa = PBXBuildFile; fileRef = 3B1270D92BB147D500E38F86 /* FriendView.swift */; };
		AAA9508E2BB5A266004E16C8 /* SettingView.swift in Sources */ = {isa = PBXBuildFile; fileRef = 3B1270DD2BB147E300E38F86 /* SettingView.swift */; };
		AACAD6272C932166005C2F26 /* TimetableService.swift in Sources */ = {isa = PBXBuildFile; fileRef = AACAD6262C932166005C2F26 /* TimetableService.swift */; };
		AACAD6292CA0A421005C2F26 /* TimetableState.swift in Sources */ = {isa = PBXBuildFile; fileRef = AACAD6282CA0A421005C2F26 /* TimetableState.swift */; };
		AACAD62B2CA0AD42005C2F26 /* TimetableModel.swift in Sources */ = {isa = PBXBuildFile; fileRef = AACAD62A2CA0AD42005C2F26 /* TimetableModel.swift */; };
		AACAD6302CA348AB005C2F26 /* DIContainer.swift in Sources */ = {isa = PBXBuildFile; fileRef = AACAD62F2CA348AB005C2F26 /* DIContainer.swift */; };
		AACAD6322CA34915005C2F26 /* AppState.swift in Sources */ = {isa = PBXBuildFile; fileRef = AACAD6312CA34915005C2F26 /* AppState.swift */; };
		AACAD6342CA34B06005C2F26 /* AppEnvironment.swift in Sources */ = {isa = PBXBuildFile; fileRef = AACAD6332CA34B06005C2F26 /* AppEnvironment.swift */; };
		AACAD6362CA34FBB005C2F26 /* BaseViewModel.swift in Sources */ = {isa = PBXBuildFile; fileRef = AACAD6352CA34FBB005C2F26 /* BaseViewModel.swift */; };
		AACAD6382CA42240005C2F26 /* ConstraintState.swift in Sources */ = {isa = PBXBuildFile; fileRef = AACAD6372CA42240005C2F26 /* ConstraintState.swift */; };
		AACAD63A2CA62152005C2F26 /* LectureSearchState.swift in Sources */ = {isa = PBXBuildFile; fileRef = AACAD6392CA62152005C2F26 /* LectureSearchState.swift */; };
		AACAD63C2CA622E2005C2F26 /* LectureSearchRepository.swift in Sources */ = {isa = PBXBuildFile; fileRef = AACAD63B2CA622E2005C2F26 /* LectureSearchRepository.swift */; };
		AACAD63E2CA6237E005C2F26 /* LectureRouter.swift in Sources */ = {isa = PBXBuildFile; fileRef = AACAD63D2CA6237E005C2F26 /* LectureRouter.swift */; };
		AACAD6402CA624CB005C2F26 /* LectureSearchService.swift in Sources */ = {isa = PBXBuildFile; fileRef = AACAD63F2CA624CB005C2F26 /* LectureSearchService.swift */; };
		AACAD6422CA64B08005C2F26 /* ConstraintService.swift in Sources */ = {isa = PBXBuildFile; fileRef = AACAD6412CA64B08005C2F26 /* ConstraintService.swift */; };
		AACAD6442CA64BE4005C2F26 /* ConstraintRepository.swift in Sources */ = {isa = PBXBuildFile; fileRef = AACAD6432CA64BE4005C2F26 /* ConstraintRepository.swift */; };
		AACAD6482CA9C8CB005C2F26 /* LectureSearchView.swift in Sources */ = {isa = PBXBuildFile; fileRef = AACAD6472CA9C8CB005C2F26 /* LectureSearchView.swift */; };
		AACAD64B2CA9CAB3005C2F26 /* LectureListView.swift in Sources */ = {isa = PBXBuildFile; fileRef = AACAD64A2CA9CAB3005C2F26 /* LectureListView.swift */; };
		AACAD64D2CA9CB07005C2F26 /* LectureCardView.swift in Sources */ = {isa = PBXBuildFile; fileRef = AACAD64C2CA9CB07005C2F26 /* LectureCardView.swift */; };
		AACAD64F2CA9DB16005C2F26 /* LectureSelectionList.swift in Sources */ = {isa = PBXBuildFile; fileRef = AACAD64E2CA9DB16005C2F26 /* LectureSelectionList.swift */; };
		AACAD6532CA9E8CA005C2F26 /* TimeSelectorViewModel.swift in Sources */ = {isa = PBXBuildFile; fileRef = AACAD6522CA9E8CA005C2F26 /* TimeSelectorViewModel.swift */; };
		AACB4BD02B40712D00169C52 /* SATTOApp.swift in Sources */ = {isa = PBXBuildFile; fileRef = AACB4BCF2B40712D00169C52 /* SATTOApp.swift */; };
		AACB4BD72B40712F00169C52 /* Preview Assets.xcassets in Resources */ = {isa = PBXBuildFile; fileRef = AACB4BD62B40712F00169C52 /* Preview Assets.xcassets */; };
		AAD5D6A52C80F29B005FB52A /* 개인정보 수집 및 이용 동의.html in Resources */ = {isa = PBXBuildFile; fileRef = AAD5D6A42C80F29B005FB52A /* 개인정보 수집 및 이용 동의.html */; };
		AAD5D6A92C80FBB4005FB52A /* 만 14세 이상 동의.html in Resources */ = {isa = PBXBuildFile; fileRef = AAD5D6A82C80FBB4005FB52A /* 만 14세 이상 동의.html */; };
		AAD5D6AD2C80FEAA005FB52A /* 본인 명의 동의.html in Resources */ = {isa = PBXBuildFile; fileRef = AAD5D6AC2C80FEAA005FB52A /* 본인 명의 동의.html */; };
		AAD5D6AF2C810C89005FB52A /* SATTO 서비스 이용약관.html in Resources */ = {isa = PBXBuildFile; fileRef = AAD5D6AE2C810C89005FB52A /* SATTO 서비스 이용약관.html */; };
		AAF9775D2C386E4300672090 /* PageControls.swift in Sources */ = {isa = PBXBuildFile; fileRef = AAF9775C2C386E4300672090 /* PageControls.swift */; };
		AAF9775F2C386E8300672090 /* TimetablePopupViews.swift in Sources */ = {isa = PBXBuildFile; fileRef = AAF9775E2C386E8300672090 /* TimetablePopupViews.swift */; };
/* End PBXBuildFile section */

/* Begin PBXCopyFilesBuildPhase section */
		3B0654E72C210B3000411871 /* Embed Frameworks */ = {
			isa = PBXCopyFilesBuildPhase;
			buildActionMask = 2147483647;
			dstPath = "";
			dstSubfolderSpec = 10;
			files = (
			);
			name = "Embed Frameworks";
			runOnlyForDeploymentPostprocessing = 0;
		};
/* End PBXCopyFilesBuildPhase section */

/* Begin PBXFileReference section */
		3B0927152C3A6F3100777EEC /* secret.plist */ = {isa = PBXFileReference; fileEncoding = 4; lastKnownFileType = text.plist.xml; path = secret.plist; sourceTree = "<group>"; };
		3B0927172C3A78EE00777EEC /* WebView.swift */ = {isa = PBXFileReference; lastKnownFileType = sourcecode.swift; path = WebView.swift; sourceTree = "<group>"; };
		3B1270D52BB147A200E38F86 /* ContentView.swift */ = {isa = PBXFileReference; lastKnownFileType = sourcecode.swift; path = ContentView.swift; sourceTree = "<group>"; };
		3B1270D92BB147D500E38F86 /* FriendView.swift */ = {isa = PBXFileReference; lastKnownFileType = sourcecode.swift; path = FriendView.swift; sourceTree = "<group>"; };
		3B1270DB2BB147DC00E38F86 /* EventView.swift */ = {isa = PBXFileReference; lastKnownFileType = sourcecode.swift; path = EventView.swift; sourceTree = "<group>"; };
		3B1270DD2BB147E300E38F86 /* SettingView.swift */ = {isa = PBXFileReference; lastKnownFileType = sourcecode.swift; path = SettingView.swift; sourceTree = "<group>"; };
		3B41FE562C858DD700228EBC /* PasswordResetView.swift */ = {isa = PBXFileReference; lastKnownFileType = sourcecode.swift; path = PasswordResetView.swift; sourceTree = "<group>"; };
		3B56A3422C09B7F40034B25B /* LoginView.swift */ = {isa = PBXFileReference; lastKnownFileType = sourcecode.swift; path = LoginView.swift; sourceTree = "<group>"; };
		3B56A3482C09B83B0034B25B /* EmailAuthView.swift */ = {isa = PBXFileReference; lastKnownFileType = sourcecode.swift; path = EmailAuthView.swift; sourceTree = "<group>"; };
		3B56A3502C09B8500034B25B /* SignUpView.swift */ = {isa = PBXFileReference; lastKnownFileType = sourcecode.swift; path = SignUpView.swift; sourceTree = "<group>"; };
		3B742B592BB687D60000399F /* SearchView.swift */ = {isa = PBXFileReference; lastKnownFileType = sourcecode.swift; path = SearchView.swift; sourceTree = "<group>"; };
		3B742B7B2BBE7C570000399F /* CompareTimeTableView.swift */ = {isa = PBXFileReference; lastKnownFileType = sourcecode.swift; path = CompareTimeTableView.swift; sourceTree = "<group>"; };
		3B79D5DF2C1FE0B6002FE98F /* Asset.xcassets */ = {isa = PBXFileReference; lastKnownFileType = folder.assetcatalog; path = Asset.xcassets; sourceTree = "<group>"; };
		3B82D8572C211637008E0138 /* AuthAPI.swift */ = {isa = PBXFileReference; lastKnownFileType = sourcecode.swift; path = AuthAPI.swift; sourceTree = "<group>"; };
		3B82D8592C211641008E0138 /* AuthViewModel.swift */ = {isa = PBXFileReference; lastKnownFileType = sourcecode.swift; path = AuthViewModel.swift; sourceTree = "<group>"; };
		3B82D88B2C2268A0008E0138 /* KeyChainManager.swift */ = {isa = PBXFileReference; lastKnownFileType = sourcecode.swift; path = KeyChainManager.swift; sourceTree = "<group>"; };
		3B82D8912C23E06F008E0138 /* UserModel.swift */ = {isa = PBXFileReference; lastKnownFileType = sourcecode.swift; path = UserModel.swift; sourceTree = "<group>"; };
		3B82D8A32C2BB513008E0138 /* FriendAPI.swift */ = {isa = PBXFileReference; lastKnownFileType = sourcecode.swift; path = FriendAPI.swift; sourceTree = "<group>"; };
		3B82D8A52C2BB700008E0138 /* FriendViewModel.swift */ = {isa = PBXFileReference; lastKnownFileType = sourcecode.swift; path = FriendViewModel.swift; sourceTree = "<group>"; };
		3B82D8BC2C3A3737008E0138 /* FriendModel.swift */ = {isa = PBXFileReference; lastKnownFileType = sourcecode.swift; path = FriendModel.swift; sourceTree = "<group>"; };
		3B82D8BF2C3A6D0F008E0138 /* HomeView.swift */ = {isa = PBXFileReference; lastKnownFileType = sourcecode.swift; path = HomeView.swift; sourceTree = "<group>"; };
		3B8335BC2BEA182D0008EFB5 /* ProgressEventView.swift */ = {isa = PBXFileReference; lastKnownFileType = sourcecode.swift; path = ProgressEventView.swift; sourceTree = "<group>"; };
		3B8335BE2BEA18650008EFB5 /* AnnouncementEventView.swift */ = {isa = PBXFileReference; lastKnownFileType = sourcecode.swift; path = AnnouncementEventView.swift; sourceTree = "<group>"; };
		3B8335C02BEA19030008EFB5 /* DetailProgressEventView.swift */ = {isa = PBXFileReference; lastKnownFileType = sourcecode.swift; path = DetailProgressEventView.swift; sourceTree = "<group>"; };
		3B8335C22BEA197D0008EFB5 /* UploadImageView.swift */ = {isa = PBXFileReference; lastKnownFileType = sourcecode.swift; path = UploadImageView.swift; sourceTree = "<group>"; };
		3BCCBFCD2C7C44EC00C6427A /* AuthPlugin.swift */ = {isa = PBXFileReference; lastKnownFileType = sourcecode.swift; path = AuthPlugin.swift; sourceTree = "<group>"; };
		3BCCBFCF2C7D610E00C6427A /* EditProfileView.swift */ = {isa = PBXFileReference; lastKnownFileType = sourcecode.swift; path = EditProfileView.swift; sourceTree = "<group>"; };
		3BCCBFD12C7D68B300C6427A /* EditPasswordView.swift */ = {isa = PBXFileReference; lastKnownFileType = sourcecode.swift; path = EditPasswordView.swift; sourceTree = "<group>"; };
		3BCCBFD52C82AB3A00C6427A /* DetailAnnouncementEventView.swift */ = {isa = PBXFileReference; lastKnownFileType = sourcecode.swift; path = DetailAnnouncementEventView.swift; sourceTree = "<group>"; };
		3BD5322A2BF06ADB00152A77 /* Event.swift */ = {isa = PBXFileReference; lastKnownFileType = sourcecode.swift; path = Event.swift; sourceTree = "<group>"; };
		3BD5322C2BF06AEB00152A77 /* EventViewModel.swift */ = {isa = PBXFileReference; lastKnownFileType = sourcecode.swift; path = EventViewModel.swift; sourceTree = "<group>"; };
		3BF1F4962C464C5700B32C66 /* CustomBackButton.swift */ = {isa = PBXFileReference; lastKnownFileType = sourcecode.swift; path = CustomBackButton.swift; sourceTree = "<group>"; };
		3BF1F4982C464C7400B32C66 /* CustomNavigationTitle.swift */ = {isa = PBXFileReference; lastKnownFileType = sourcecode.swift; path = CustomNavigationTitle.swift; sourceTree = "<group>"; };
		3BF1F49A2C465E7500B32C66 /* FriendViewHelper.swift */ = {isa = PBXFileReference; lastKnownFileType = sourcecode.swift; path = FriendViewHelper.swift; sourceTree = "<group>"; };
		3BF1F49C2C465EA900B32C66 /* ProfileImageCell.swift */ = {isa = PBXFileReference; lastKnownFileType = sourcecode.swift; path = ProfileImageCell.swift; sourceTree = "<group>"; };
		3BF1F4A42C538ACD00B32C66 /* MyPageView.swift */ = {isa = PBXFileReference; lastKnownFileType = sourcecode.swift; path = MyPageView.swift; sourceTree = "<group>"; };
		3BF1F4A62C538AF900B32C66 /* TimeTableTutorial.swift */ = {isa = PBXFileReference; lastKnownFileType = sourcecode.swift; path = TimeTableTutorial.swift; sourceTree = "<group>"; };
		3BF1F4A82C538B1900B32C66 /* FollwerSearchView.swift */ = {isa = PBXFileReference; lastKnownFileType = sourcecode.swift; path = FollwerSearchView.swift; sourceTree = "<group>"; };
		3BF1F4AA2C538B3100B32C66 /* FollowingSearchView.swift */ = {isa = PBXFileReference; lastKnownFileType = sourcecode.swift; path = FollowingSearchView.swift; sourceTree = "<group>"; };
		3BF1F4AD2C5B15E300B32C66 /* EventAPI.swift */ = {isa = PBXFileReference; lastKnownFileType = sourcecode.swift; path = EventAPI.swift; sourceTree = "<group>"; };
		AA068F062CAB3294003F5750 /* TimetableView.swift */ = {isa = PBXFileReference; lastKnownFileType = sourcecode.swift; path = TimetableView.swift; sourceTree = "<group>"; };
		AA068F082CAB34C5003F5750 /* TimetableConfiguration.swift */ = {isa = PBXFileReference; lastKnownFileType = sourcecode.swift; path = TimetableConfiguration.swift; sourceTree = "<group>"; };
		AA068F0E2CAB977D003F5750 /* TimetableBlock.swift */ = {isa = PBXFileReference; lastKnownFileType = sourcecode.swift; path = TimetableBlock.swift; sourceTree = "<group>"; };
		AA068F122CABDF34003F5750 /* TimeSelectorView.swift */ = {isa = PBXFileReference; lastKnownFileType = sourcecode.swift; path = TimeSelectorView.swift; sourceTree = "<group>"; };
		AA068F162CAD383F003F5750 /* LectureSearchBar.swift */ = {isa = PBXFileReference; lastKnownFileType = sourcecode.swift; path = LectureSearchBar.swift; sourceTree = "<group>"; };
		AA068F182CAD3B1B003F5750 /* LectureCategory.swift */ = {isa = PBXFileReference; lastKnownFileType = sourcecode.swift; path = LectureCategory.swift; sourceTree = "<group>"; };
		AA068F1C2CAE1A61003F5750 /* LectureFilterView.swift */ = {isa = PBXFileReference; lastKnownFileType = sourcecode.swift; path = LectureFilterView.swift; sourceTree = "<group>"; };
		AA068F1F2CAFBFFD003F5750 /* LectureButtons.swift */ = {isa = PBXFileReference; lastKnownFileType = sourcecode.swift; path = LectureButtons.swift; sourceTree = "<group>"; };
		AA068F242CB3A358003F5750 /* STPopup.swift */ = {isa = PBXFileReference; lastKnownFileType = sourcecode.swift; path = STPopup.swift; sourceTree = "<group>"; };
		AA0B714D2C07C77100216A32 /* TimetableProgressView.swift */ = {isa = PBXFileReference; lastKnownFileType = sourcecode.swift; path = TimetableProgressView.swift; sourceTree = "<group>"; };
		AA0DFC972C0F63B4002ED3C9 /* TimetableDto.swift */ = {isa = PBXFileReference; fileEncoding = 4; lastKnownFileType = sourcecode.swift; path = TimetableDto.swift; sourceTree = "<group>"; };
		AA0DFC992C0F63E6002ED3C9 /* TimetableRouter.swift */ = {isa = PBXFileReference; fileEncoding = 4; lastKnownFileType = sourcecode.swift; path = TimetableRouter.swift; sourceTree = "<group>"; };
		AA1018A12BDE812A009E6804 /* TimetableCustom.swift */ = {isa = PBXFileReference; lastKnownFileType = sourcecode.swift; path = TimetableCustom.swift; sourceTree = "<group>"; };
		AA1018A82BDE882C009E6804 /* LectureModel.swift */ = {isa = PBXFileReference; lastKnownFileType = sourcecode.swift; path = LectureModel.swift; sourceTree = "<group>"; };
		AA1018AA2BDE9C80009E6804 /* Info.plist */ = {isa = PBXFileReference; lastKnownFileType = text.plist; path = Info.plist; sourceTree = "<group>"; };
		AA65E5FF2C25AC8900655856 /* TimetableModifyView.swift */ = {isa = PBXFileReference; lastKnownFileType = sourcecode.swift; path = TimetableModifyView.swift; sourceTree = "<group>"; };
		AA65E6012C25B1AB00655856 /* TimetableMainViewModel.swift */ = {isa = PBXFileReference; lastKnownFileType = sourcecode.swift; path = TimetableMainViewModel.swift; sourceTree = "<group>"; };
		AA65E6092C3019E800655856 /* LectureDto.swift */ = {isa = PBXFileReference; lastKnownFileType = sourcecode.swift; path = LectureDto.swift; sourceTree = "<group>"; };
		AA65E60B2C3028B900655856 /* LectureSearchViewModel.swift */ = {isa = PBXFileReference; lastKnownFileType = sourcecode.swift; path = LectureSearchViewModel.swift; sourceTree = "<group>"; };
		AA66001D2C21D6EB0055557C /* TimetableRepository.swift */ = {isa = PBXFileReference; lastKnownFileType = sourcecode.swift; path = TimetableRepository.swift; sourceTree = "<group>"; };
		AA9E219B2BC81FC800F0566A /* MidCheckView.swift */ = {isa = PBXFileReference; lastKnownFileType = sourcecode.swift; path = MidCheckView.swift; sourceTree = "<group>"; };
		AAA5227A2C80C2780056C9B7 /* AgreeView.swift */ = {isa = PBXFileReference; lastKnownFileType = sourcecode.swift; path = AgreeView.swift; sourceTree = "<group>"; };
		AAA9503E2BA5C396004E16C8 /* Color.xcassets */ = {isa = PBXFileReference; lastKnownFileType = folder.assetcatalog; path = Color.xcassets; sourceTree = "<group>"; };
		AAA950402BA5C396004E16C8 /* Font.swift */ = {isa = PBXFileReference; fileEncoding = 4; lastKnownFileType = sourcecode.swift; path = Font.swift; sourceTree = "<group>"; };
		AAA950412BA5C396004E16C8 /* Pretendard-Black.otf */ = {isa = PBXFileReference; lastKnownFileType = file; path = "Pretendard-Black.otf"; sourceTree = "<group>"; };
		AAA950422BA5C396004E16C8 /* Pretendard-Bold.otf */ = {isa = PBXFileReference; lastKnownFileType = file; path = "Pretendard-Bold.otf"; sourceTree = "<group>"; };
		AAA950432BA5C396004E16C8 /* Pretendard-ExtraBold.otf */ = {isa = PBXFileReference; lastKnownFileType = file; path = "Pretendard-ExtraBold.otf"; sourceTree = "<group>"; };
		AAA950442BA5C396004E16C8 /* Pretendard-ExtraLight.otf */ = {isa = PBXFileReference; lastKnownFileType = file; path = "Pretendard-ExtraLight.otf"; sourceTree = "<group>"; };
		AAA950452BA5C396004E16C8 /* Pretendard-Light.otf */ = {isa = PBXFileReference; lastKnownFileType = file; path = "Pretendard-Light.otf"; sourceTree = "<group>"; };
		AAA950462BA5C396004E16C8 /* Pretendard-Medium.otf */ = {isa = PBXFileReference; lastKnownFileType = file; path = "Pretendard-Medium.otf"; sourceTree = "<group>"; };
		AAA950472BA5C396004E16C8 /* Pretendard-Regular.otf */ = {isa = PBXFileReference; lastKnownFileType = file; path = "Pretendard-Regular.otf"; sourceTree = "<group>"; };
		AAA950482BA5C396004E16C8 /* Pretendard-SemiBold.otf */ = {isa = PBXFileReference; lastKnownFileType = file; path = "Pretendard-SemiBold.otf"; sourceTree = "<group>"; };
		AAA950492BA5C396004E16C8 /* Pretendard-Thin.otf */ = {isa = PBXFileReference; lastKnownFileType = file; path = "Pretendard-Thin.otf"; sourceTree = "<group>"; };
		AAA950592BA5C39B004E16C8 /* MajorCombSelectorView.swift */ = {isa = PBXFileReference; fileEncoding = 4; lastKnownFileType = sourcecode.swift; path = MajorCombSelectorView.swift; sourceTree = "<group>"; };
		AAA9505A2BA5C39B004E16C8 /* CreditPickerView.swift */ = {isa = PBXFileReference; fileEncoding = 4; lastKnownFileType = sourcecode.swift; path = CreditPickerView.swift; sourceTree = "<group>"; };
		AAA9505B2BA5C39B004E16C8 /* InvalidTimeSelectorView.swift */ = {isa = PBXFileReference; fileEncoding = 4; lastKnownFileType = sourcecode.swift; path = InvalidTimeSelectorView.swift; sourceTree = "<group>"; };
		AAA9505C2BA5C39B004E16C8 /* EssentialLectureSelector.swift */ = {isa = PBXFileReference; fileEncoding = 4; lastKnownFileType = sourcecode.swift; path = EssentialLectureSelector.swift; sourceTree = "<group>"; };
		AAA9505D2BA5C39B004E16C8 /* FinalTimetableSelectorView.swift */ = {isa = PBXFileReference; fileEncoding = 4; lastKnownFileType = sourcecode.swift; path = FinalTimetableSelectorView.swift; sourceTree = "<group>"; };
		AAA950612BA5C39B004E16C8 /* TimetableMainView.swift */ = {isa = PBXFileReference; fileEncoding = 4; lastKnownFileType = sourcecode.swift; path = TimetableMainView.swift; sourceTree = "<group>"; };
		AAA950622BA5C39B004E16C8 /* ConstraintsViewModel.swift */ = {isa = PBXFileReference; fileEncoding = 4; lastKnownFileType = sourcecode.swift; path = ConstraintsViewModel.swift; sourceTree = "<group>"; };
		AAA950632BA5C39B004E16C8 /* TimetableAutoView.swift */ = {isa = PBXFileReference; fileEncoding = 4; lastKnownFileType = sourcecode.swift; path = TimetableAutoView.swift; sourceTree = "<group>"; };
		AAA950642BA5C39B004E16C8 /* TimetableListView.swift */ = {isa = PBXFileReference; fileEncoding = 4; lastKnownFileType = sourcecode.swift; path = TimetableListView.swift; sourceTree = "<group>"; };
		AAA950802BA5E7A5004E16C8 /* TimetableOptionView.swift */ = {isa = PBXFileReference; lastKnownFileType = sourcecode.swift; path = TimetableOptionView.swift; sourceTree = "<group>"; };
		AAA9508A2BA723C2004E16C8 /* LectureTimeSelectorView.swift */ = {isa = PBXFileReference; lastKnownFileType = sourcecode.swift; path = LectureTimeSelectorView.swift; sourceTree = "<group>"; };
		AACAD6262C932166005C2F26 /* TimetableService.swift */ = {isa = PBXFileReference; lastKnownFileType = sourcecode.swift; path = TimetableService.swift; sourceTree = "<group>"; };
		AACAD6282CA0A421005C2F26 /* TimetableState.swift */ = {isa = PBXFileReference; lastKnownFileType = sourcecode.swift; path = TimetableState.swift; sourceTree = "<group>"; };
		AACAD62A2CA0AD42005C2F26 /* TimetableModel.swift */ = {isa = PBXFileReference; lastKnownFileType = sourcecode.swift; path = TimetableModel.swift; sourceTree = "<group>"; };
		AACAD62F2CA348AB005C2F26 /* DIContainer.swift */ = {isa = PBXFileReference; lastKnownFileType = sourcecode.swift; path = DIContainer.swift; sourceTree = "<group>"; };
		AACAD6312CA34915005C2F26 /* AppState.swift */ = {isa = PBXFileReference; lastKnownFileType = sourcecode.swift; path = AppState.swift; sourceTree = "<group>"; };
		AACAD6332CA34B06005C2F26 /* AppEnvironment.swift */ = {isa = PBXFileReference; lastKnownFileType = sourcecode.swift; path = AppEnvironment.swift; sourceTree = "<group>"; };
		AACAD6352CA34FBB005C2F26 /* BaseViewModel.swift */ = {isa = PBXFileReference; lastKnownFileType = sourcecode.swift; path = BaseViewModel.swift; sourceTree = "<group>"; };
		AACAD6372CA42240005C2F26 /* ConstraintState.swift */ = {isa = PBXFileReference; lastKnownFileType = sourcecode.swift; path = ConstraintState.swift; sourceTree = "<group>"; };
		AACAD6392CA62152005C2F26 /* LectureSearchState.swift */ = {isa = PBXFileReference; lastKnownFileType = sourcecode.swift; path = LectureSearchState.swift; sourceTree = "<group>"; };
		AACAD63B2CA622E2005C2F26 /* LectureSearchRepository.swift */ = {isa = PBXFileReference; lastKnownFileType = sourcecode.swift; path = LectureSearchRepository.swift; sourceTree = "<group>"; };
		AACAD63D2CA6237E005C2F26 /* LectureRouter.swift */ = {isa = PBXFileReference; lastKnownFileType = sourcecode.swift; path = LectureRouter.swift; sourceTree = "<group>"; };
		AACAD63F2CA624CB005C2F26 /* LectureSearchService.swift */ = {isa = PBXFileReference; lastKnownFileType = sourcecode.swift; path = LectureSearchService.swift; sourceTree = "<group>"; };
		AACAD6412CA64B08005C2F26 /* ConstraintService.swift */ = {isa = PBXFileReference; lastKnownFileType = sourcecode.swift; path = ConstraintService.swift; sourceTree = "<group>"; };
		AACAD6432CA64BE4005C2F26 /* ConstraintRepository.swift */ = {isa = PBXFileReference; lastKnownFileType = sourcecode.swift; path = ConstraintRepository.swift; sourceTree = "<group>"; };
		AACAD6472CA9C8CB005C2F26 /* LectureSearchView.swift */ = {isa = PBXFileReference; lastKnownFileType = sourcecode.swift; path = LectureSearchView.swift; sourceTree = "<group>"; };
		AACAD64A2CA9CAB3005C2F26 /* LectureListView.swift */ = {isa = PBXFileReference; lastKnownFileType = sourcecode.swift; path = LectureListView.swift; sourceTree = "<group>"; };
		AACAD64C2CA9CB07005C2F26 /* LectureCardView.swift */ = {isa = PBXFileReference; lastKnownFileType = sourcecode.swift; path = LectureCardView.swift; sourceTree = "<group>"; };
		AACAD64E2CA9DB16005C2F26 /* LectureSelectionList.swift */ = {isa = PBXFileReference; lastKnownFileType = sourcecode.swift; path = LectureSelectionList.swift; sourceTree = "<group>"; };
		AACAD6522CA9E8CA005C2F26 /* TimeSelectorViewModel.swift */ = {isa = PBXFileReference; lastKnownFileType = sourcecode.swift; path = TimeSelectorViewModel.swift; sourceTree = "<group>"; };
		AACB4BCC2B40712D00169C52 /* SATTO.app */ = {isa = PBXFileReference; explicitFileType = wrapper.application; includeInIndex = 0; path = SATTO.app; sourceTree = BUILT_PRODUCTS_DIR; };
		AACB4BCF2B40712D00169C52 /* SATTOApp.swift */ = {isa = PBXFileReference; lastKnownFileType = sourcecode.swift; path = SATTOApp.swift; sourceTree = "<group>"; };
		AACB4BD62B40712F00169C52 /* Preview Assets.xcassets */ = {isa = PBXFileReference; lastKnownFileType = folder.assetcatalog; path = "Preview Assets.xcassets"; sourceTree = "<group>"; };
		AAD5D6A42C80F29B005FB52A /* 개인정보 수집 및 이용 동의.html */ = {isa = PBXFileReference; fileEncoding = 4; lastKnownFileType = text.html; path = "개인정보 수집 및 이용 동의.html"; sourceTree = "<group>"; };
		AAD5D6A82C80FBB4005FB52A /* 만 14세 이상 동의.html */ = {isa = PBXFileReference; fileEncoding = 4; lastKnownFileType = text.html; path = "만 14세 이상 동의.html"; sourceTree = "<group>"; };
		AAD5D6AC2C80FEAA005FB52A /* 본인 명의 동의.html */ = {isa = PBXFileReference; fileEncoding = 4; lastKnownFileType = text.html; path = "본인 명의 동의.html"; sourceTree = "<group>"; };
		AAD5D6AE2C810C89005FB52A /* SATTO 서비스 이용약관.html */ = {isa = PBXFileReference; fileEncoding = 4; lastKnownFileType = text.html; path = "SATTO 서비스 이용약관.html"; sourceTree = "<group>"; };
		AAF9775C2C386E4300672090 /* PageControls.swift */ = {isa = PBXFileReference; lastKnownFileType = sourcecode.swift; path = PageControls.swift; sourceTree = "<group>"; };
		AAF9775E2C386E8300672090 /* TimetablePopupViews.swift */ = {isa = PBXFileReference; lastKnownFileType = sourcecode.swift; path = TimetablePopupViews.swift; sourceTree = "<group>"; };
/* End PBXFileReference section */

/* Begin PBXFrameworksBuildPhase section */
		AACB4BC92B40712D00169C52 /* Frameworks */ = {
			isa = PBXFrameworksBuildPhase;
			buildActionMask = 2147483647;
			files = (
				3B56A3562C09B9F40034B25B /* KeychainSwift in Frameworks */,
				AAA9507C2BA5C498004E16C8 /* PopupView in Frameworks */,
				AA9E802F2B498DB400D51447 /* Moya in Frameworks */,
				AA9E802D2B498DB400D51447 /* CombineMoya in Frameworks */,
				AA9E80332B498DB400D51447 /* RxMoya in Frameworks */,
				AA9E80312B498DB400D51447 /* ReactiveMoya in Frameworks */,
				3B82D8872C2264D6008E0138 /* SwiftKeychainWrapper in Frameworks */,
			);
			runOnlyForDeploymentPostprocessing = 0;
		};
/* End PBXFrameworksBuildPhase section */

/* Begin PBXGroup section */
		3B0CF0272BB165C400E876B7 /* Friend */ = {
			isa = PBXGroup;
			children = (
				3BF1F49A2C465E7500B32C66 /* FriendViewHelper.swift */,
				3BF1F4A62C538AF900B32C66 /* TimeTableTutorial.swift */,
				3BF1F4A42C538ACD00B32C66 /* MyPageView.swift */,
				3B1270D92BB147D500E38F86 /* FriendView.swift */,
				3B742B592BB687D60000399F /* SearchView.swift */,
				3BF1F4A82C538B1900B32C66 /* FollwerSearchView.swift */,
				3BF1F4AA2C538B3100B32C66 /* FollowingSearchView.swift */,
				3B742B7B2BBE7C570000399F /* CompareTimeTableView.swift */,
				3B82D8A22C2BB497008E0138 /* Networking */,
			);
			path = Friend;
			sourceTree = "<group>";
		};
		3B0CF0282BB165CF00E876B7 /* Event */ = {
			isa = PBXGroup;
			children = (
				3B1270DB2BB147DC00E38F86 /* EventView.swift */,
				3B8335BC2BEA182D0008EFB5 /* ProgressEventView.swift */,
				3B8335BE2BEA18650008EFB5 /* AnnouncementEventView.swift */,
				3B8335C02BEA19030008EFB5 /* DetailProgressEventView.swift */,
				3BCCBFD52C82AB3A00C6427A /* DetailAnnouncementEventView.swift */,
				3B8335C22BEA197D0008EFB5 /* UploadImageView.swift */,
				3BF1F4AC2C5B143C00B32C66 /* Networking */,
			);
			path = Event;
			sourceTree = "<group>";
		};
		3B0CF0292BB165D800E876B7 /* Setting */ = {
			isa = PBXGroup;
			children = (
				3B1270DD2BB147E300E38F86 /* SettingView.swift */,
				3BCCBFCF2C7D610E00C6427A /* EditProfileView.swift */,
				3BCCBFD12C7D68B300C6427A /* EditPasswordView.swift */,
			);
			path = Setting;
			sourceTree = "<group>";
		};
		3B56A3412C09B7B70034B25B /* Login */ = {
			isa = PBXGroup;
			children = (
				3B82D8552C211601008E0138 /* View */,
				3B82D8562C21160D008E0138 /* Networking */,
			);
			path = Login;
			sourceTree = "<group>";
		};
		3B82D8552C211601008E0138 /* View */ = {
			isa = PBXGroup;
			children = (
				3B56A3422C09B7F40034B25B /* LoginView.swift */,
				3B56A3482C09B83B0034B25B /* EmailAuthView.swift */,
				AAA5227A2C80C2780056C9B7 /* AgreeView.swift */,
				3B56A3502C09B8500034B25B /* SignUpView.swift */,
				3B41FE562C858DD700228EBC /* PasswordResetView.swift */,
			);
			path = View;
			sourceTree = "<group>";
		};
		3B82D8562C21160D008E0138 /* Networking */ = {
			isa = PBXGroup;
			children = (
				3B82D8572C211637008E0138 /* AuthAPI.swift */,
				3B82D8592C211641008E0138 /* AuthViewModel.swift */,
				3B82D88B2C2268A0008E0138 /* KeyChainManager.swift */,
				3B82D8912C23E06F008E0138 /* UserModel.swift */,
				3BCCBFCD2C7C44EC00C6427A /* AuthPlugin.swift */,
			);
			path = Networking;
			sourceTree = "<group>";
		};
		3B82D8A22C2BB497008E0138 /* Networking */ = {
			isa = PBXGroup;
			children = (
				3B82D8A32C2BB513008E0138 /* FriendAPI.swift */,
				3B82D8A52C2BB700008E0138 /* FriendViewModel.swift */,
				3B82D8BC2C3A3737008E0138 /* FriendModel.swift */,
			);
			path = Networking;
			sourceTree = "<group>";
		};
		3B82D8BE2C3A6D03008E0138 /* Home */ = {
			isa = PBXGroup;
			children = (
				3B82D8BF2C3A6D0F008E0138 /* HomeView.swift */,
				3B0927172C3A78EE00777EEC /* WebView.swift */,
			);
			path = Home;
			sourceTree = "<group>";
		};
		3BF1F4952C464C3C00B32C66 /* CustomComponents */ = {
			isa = PBXGroup;
			children = (
				3BF1F4962C464C5700B32C66 /* CustomBackButton.swift */,
				3BF1F4982C464C7400B32C66 /* CustomNavigationTitle.swift */,
				3BF1F49C2C465EA900B32C66 /* ProfileImageCell.swift */,
			);
			path = CustomComponents;
			sourceTree = "<group>";
		};
		3BF1F4AC2C5B143C00B32C66 /* Networking */ = {
			isa = PBXGroup;
			children = (
				3BF1F4AD2C5B15E300B32C66 /* EventAPI.swift */,
				3BD5322C2BF06AEB00152A77 /* EventViewModel.swift */,
				3BD5322A2BF06ADB00152A77 /* Event.swift */,
			);
			path = Networking;
			sourceTree = "<group>";
		};
		AA068F0A2CAB3728003F5750 /* Timetable */ = {
			isa = PBXGroup;
			children = (
				AA068F062CAB3294003F5750 /* TimetableView.swift */,
				AA068F0E2CAB977D003F5750 /* TimetableBlock.swift */,
				AA068F122CABDF34003F5750 /* TimeSelectorView.swift */,
			);
			path = Timetable;
			sourceTree = "<group>";
		};
		AA068F1E2CAFBFF1003F5750 /* Buttons */ = {
			isa = PBXGroup;
			children = (
				AA068F1F2CAFBFFD003F5750 /* LectureButtons.swift */,
			);
			path = Buttons;
			sourceTree = "<group>";
		};
		AA068F232CB3A347003F5750 /* Extensions */ = {
			isa = PBXGroup;
			children = (
				AA068F242CB3A358003F5750 /* STPopup.swift */,
			);
			path = Extensions;
			sourceTree = "<group>";
		};
		AA0DFC9F2C0F6A34002ED3C9 /* Router */ = {
			isa = PBXGroup;
			children = (
				AA0DFC992C0F63E6002ED3C9 /* TimetableRouter.swift */,
				AACAD63D2CA6237E005C2F26 /* LectureRouter.swift */,
			);
			path = Router;
			sourceTree = "<group>";
		};
		AA0DFCA02C0F6D82002ED3C9 /* Dto */ = {
			isa = PBXGroup;
			children = (
				AA0DFC972C0F63B4002ED3C9 /* TimetableDto.swift */,
				AA65E6092C3019E800655856 /* LectureDto.swift */,
			);
			path = Dto;
			sourceTree = "<group>";
		};
		AA66001C2C21D0230055557C /* Repositories */ = {
			isa = PBXGroup;
			children = (
				AA0DFCA02C0F6D82002ED3C9 /* Dto */,
				AA0DFC9F2C0F6A34002ED3C9 /* Router */,
				AA66001D2C21D6EB0055557C /* TimetableRepository.swift */,
				AACAD6432CA64BE4005C2F26 /* ConstraintRepository.swift */,
				AACAD63B2CA622E2005C2F26 /* LectureSearchRepository.swift */,
			);
			path = Repositories;
			sourceTree = "<group>";
		};
		AA7752A22C2024D300778870 /* Views */ = {
			isa = PBXGroup;
			children = (
				AAA9503A2BA5C380004E16C8 /* Components */,
				AAA950612BA5C39B004E16C8 /* TimetableMainView.swift */,
				AACAD6472CA9C8CB005C2F26 /* LectureSearchView.swift */,
				AA65E5FF2C25AC8900655856 /* TimetableModifyView.swift */,
				AAA950642BA5C39B004E16C8 /* TimetableListView.swift */,
				AAA950802BA5E7A5004E16C8 /* TimetableOptionView.swift */,
				AAA950632BA5C39B004E16C8 /* TimetableAutoView.swift */,
				AA1018A12BDE812A009E6804 /* TimetableCustom.swift */,
			);
			path = Views;
			sourceTree = "<group>";
		};
		AA7752A32C2024DD00778870 /* Models */ = {
			isa = PBXGroup;
			children = (
				AACAD62A2CA0AD42005C2F26 /* TimetableModel.swift */,
				AA068F082CAB34C5003F5750 /* TimetableConfiguration.swift */,
				AA1018A82BDE882C009E6804 /* LectureModel.swift */,
			);
			path = Models;
			sourceTree = "<group>";
		};
		AA7752A42C2024E200778870 /* ViewModels */ = {
			isa = PBXGroup;
			children = (
				AA65E6012C25B1AB00655856 /* TimetableMainViewModel.swift */,
				AAA950622BA5C39B004E16C8 /* ConstraintsViewModel.swift */,
				AA65E60B2C3028B900655856 /* LectureSearchViewModel.swift */,
				AACAD6522CA9E8CA005C2F26 /* TimeSelectorViewModel.swift */,
			);
			path = ViewModels;
			sourceTree = "<group>";
		};
		AAA9503A2BA5C380004E16C8 /* Components */ = {
			isa = PBXGroup;
			children = (
				AA068F0A2CAB3728003F5750 /* Timetable */,
				AAA950602BA5C39B004E16C8 /* TimetableAuto */,
				AACAD6492CA9CA96005C2F26 /* LectureSearch */,
			);
			name = Components;
			path = SATTO/Timetable/Views/Components;
			sourceTree = SOURCE_ROOT;
		};
		AAA9503F2BA5C396004E16C8 /* Color */ = {
			isa = PBXGroup;
			children = (
				AAA9503E2BA5C396004E16C8 /* Color.xcassets */,
			);
			path = Color;
			sourceTree = "<group>";
		};
		AAA9504A2BA5C396004E16C8 /* Font */ = {
			isa = PBXGroup;
			children = (
				AAA950402BA5C396004E16C8 /* Font.swift */,
				AAA950412BA5C396004E16C8 /* Pretendard-Black.otf */,
				AAA950422BA5C396004E16C8 /* Pretendard-Bold.otf */,
				AAA950432BA5C396004E16C8 /* Pretendard-ExtraBold.otf */,
				AAA950442BA5C396004E16C8 /* Pretendard-ExtraLight.otf */,
				AAA950452BA5C396004E16C8 /* Pretendard-Light.otf */,
				AAA950462BA5C396004E16C8 /* Pretendard-Medium.otf */,
				AAA950472BA5C396004E16C8 /* Pretendard-Regular.otf */,
				AAA950482BA5C396004E16C8 /* Pretendard-SemiBold.otf */,
				AAA950492BA5C396004E16C8 /* Pretendard-Thin.otf */,
			);
			path = Font;
			sourceTree = "<group>";
		};
		AAA9504B2BA5C396004E16C8 /* Resource */ = {
			isa = PBXGroup;
			children = (
				AABFF76D2C80D650000E156E /* Terms */,
				AAA9507D2BA5C8E5004E16C8 /* Images */,
				AAA9503F2BA5C396004E16C8 /* Color */,
				AAA9504A2BA5C396004E16C8 /* Font */,
			);
			path = Resource;
			sourceTree = "<group>";
		};
		AAA950602BA5C39B004E16C8 /* TimetableAuto */ = {
			isa = PBXGroup;
			children = (
				AAF9775E2C386E8300672090 /* TimetablePopupViews.swift */,
				AAA9505A2BA5C39B004E16C8 /* CreditPickerView.swift */,
				AAA9505C2BA5C39B004E16C8 /* EssentialLectureSelector.swift */,
				AAA9505B2BA5C39B004E16C8 /* InvalidTimeSelectorView.swift */,
				AA9E219B2BC81FC800F0566A /* MidCheckView.swift */,
				AA0B714D2C07C77100216A32 /* TimetableProgressView.swift */,
				AAA950592BA5C39B004E16C8 /* MajorCombSelectorView.swift */,
				AAA9505D2BA5C39B004E16C8 /* FinalTimetableSelectorView.swift */,
				AAF9775C2C386E4300672090 /* PageControls.swift */,
			);
			path = TimetableAuto;
			sourceTree = "<group>";
		};
		AAA950652BA5C39B004E16C8 /* Timetable */ = {
			isa = PBXGroup;
			children = (
				AACAD6452CA774B5005C2F26 /* States */,
				AA7752A22C2024D300778870 /* Views */,
				AA7752A32C2024DD00778870 /* Models */,
				AA7752A42C2024E200778870 /* ViewModels */,
				AA66001C2C21D0230055557C /* Repositories */,
				AACAD6252C932114005C2F26 /* Services */,
			);
			path = Timetable;
			sourceTree = "<group>";
		};
		AAA9507D2BA5C8E5004E16C8 /* Images */ = {
			isa = PBXGroup;
			children = (
				3B79D5DF2C1FE0B6002FE98F /* Asset.xcassets */,
			);
			path = Images;
			sourceTree = "<group>";
		};
		AABFF76D2C80D650000E156E /* Terms */ = {
			isa = PBXGroup;
			children = (
				AAD5D6AE2C810C89005FB52A /* SATTO 서비스 이용약관.html */,
				AAD5D6A42C80F29B005FB52A /* 개인정보 수집 및 이용 동의.html */,
				AAD5D6AC2C80FEAA005FB52A /* 본인 명의 동의.html */,
				AAD5D6A82C80FBB4005FB52A /* 만 14세 이상 동의.html */,
			);
			path = Terms;
			sourceTree = "<group>";
		};
		AACAD6252C932114005C2F26 /* Services */ = {
			isa = PBXGroup;
			children = (
				AACAD6262C932166005C2F26 /* TimetableService.swift */,
				AACAD6412CA64B08005C2F26 /* ConstraintService.swift */,
				AACAD63F2CA624CB005C2F26 /* LectureSearchService.swift */,
			);
			path = Services;
			sourceTree = "<group>";
		};
		AACAD62E2CA3489B005C2F26 /* States */ = {
			isa = PBXGroup;
			children = (
				AACAD6332CA34B06005C2F26 /* AppEnvironment.swift */,
				AACAD6312CA34915005C2F26 /* AppState.swift */,
				AACAD62F2CA348AB005C2F26 /* DIContainer.swift */,
				AACAD6352CA34FBB005C2F26 /* BaseViewModel.swift */,
			);
			path = States;
			sourceTree = "<group>";
		};
		AACAD6452CA774B5005C2F26 /* States */ = {
			isa = PBXGroup;
			children = (
				AACAD6282CA0A421005C2F26 /* TimetableState.swift */,
				AACAD6372CA42240005C2F26 /* ConstraintState.swift */,
				AACAD6392CA62152005C2F26 /* LectureSearchState.swift */,
			);
			path = States;
			sourceTree = "<group>";
		};
		AACAD6492CA9CA96005C2F26 /* LectureSearch */ = {
			isa = PBXGroup;
			children = (
				AA068F1E2CAFBFF1003F5750 /* Buttons */,
				AACAD64A2CA9CAB3005C2F26 /* LectureListView.swift */,
				AACAD64C2CA9CB07005C2F26 /* LectureCardView.swift */,
				AACAD64E2CA9DB16005C2F26 /* LectureSelectionList.swift */,
				AA068F1C2CAE1A61003F5750 /* LectureFilterView.swift */,
				AA068F182CAD3B1B003F5750 /* LectureCategory.swift */,
				AA068F162CAD383F003F5750 /* LectureSearchBar.swift */,
				AAA9508A2BA723C2004E16C8 /* LectureTimeSelectorView.swift */,
			);
			path = LectureSearch;
			sourceTree = "<group>";
		};
		AACB4BC32B40712D00169C52 = {
			isa = PBXGroup;
			children = (
				AACB4BCE2B40712D00169C52 /* SATTO */,
				AACB4BCD2B40712D00169C52 /* Products */,
			);
			sourceTree = "<group>";
		};
		AACB4BCD2B40712D00169C52 /* Products */ = {
			isa = PBXGroup;
			children = (
				AACB4BCC2B40712D00169C52 /* SATTO.app */,
			);
			name = Products;
			sourceTree = "<group>";
		};
		AACB4BCE2B40712D00169C52 /* SATTO */ = {
			isa = PBXGroup;
			children = (
				AACAD62E2CA3489B005C2F26 /* States */,
				3BF1F4952C464C3C00B32C66 /* CustomComponents */,
				3B0927152C3A6F3100777EEC /* secret.plist */,
				3B82D8BE2C3A6D03008E0138 /* Home */,
				3B56A3412C09B7B70034B25B /* Login */,
				AA1018AA2BDE9C80009E6804 /* Info.plist */,
				AACB4BCF2B40712D00169C52 /* SATTOApp.swift */,
				3B1270D52BB147A200E38F86 /* ContentView.swift */,
				3B0CF0292BB165D800E876B7 /* Setting */,
				3B0CF0282BB165CF00E876B7 /* Event */,
				3B0CF0272BB165C400E876B7 /* Friend */,
				AAA950652BA5C39B004E16C8 /* Timetable */,
				AA068F232CB3A347003F5750 /* Extensions */,
				AAA9504B2BA5C396004E16C8 /* Resource */,
				AACB4BD52B40712F00169C52 /* Preview Content */,
			);
			path = SATTO;
			sourceTree = "<group>";
		};
		AACB4BD52B40712F00169C52 /* Preview Content */ = {
			isa = PBXGroup;
			children = (
				AACB4BD62B40712F00169C52 /* Preview Assets.xcassets */,
			);
			path = "Preview Content";
			sourceTree = "<group>";
		};
/* End PBXGroup section */

/* Begin PBXNativeTarget section */
		AACB4BCB2B40712D00169C52 /* SATTO */ = {
			isa = PBXNativeTarget;
			buildConfigurationList = AACB4BDA2B40712F00169C52 /* Build configuration list for PBXNativeTarget "SATTO" */;
			buildPhases = (
				AACB4BC82B40712D00169C52 /* Sources */,
				AACB4BC92B40712D00169C52 /* Frameworks */,
				AACB4BCA2B40712D00169C52 /* Resources */,
				3B0654E72C210B3000411871 /* Embed Frameworks */,
			);
			buildRules = (
			);
			dependencies = (
			);
			name = SATTO;
			packageProductDependencies = (
				AA9E802C2B498DB400D51447 /* CombineMoya */,
				AA9E802E2B498DB400D51447 /* Moya */,
				AA9E80302B498DB400D51447 /* ReactiveMoya */,
				AA9E80322B498DB400D51447 /* RxMoya */,
				AAA9507B2BA5C498004E16C8 /* PopupView */,
				3B56A3552C09B9F40034B25B /* KeychainSwift */,
				3B82D8862C2264D6008E0138 /* SwiftKeychainWrapper */,
			);
			productName = SATTO;
			productReference = AACB4BCC2B40712D00169C52 /* SATTO.app */;
			productType = "com.apple.product-type.application";
		};
/* End PBXNativeTarget section */

/* Begin PBXProject section */
		AACB4BC42B40712D00169C52 /* Project object */ = {
			isa = PBXProject;
			attributes = {
				BuildIndependentTargetsInParallel = 1;
				LastSwiftUpdateCheck = 1510;
				LastUpgradeCheck = 1510;
				TargetAttributes = {
					AACB4BCB2B40712D00169C52 = {
						CreatedOnToolsVersion = 15.1;
					};
				};
			};
			buildConfigurationList = AACB4BC72B40712D00169C52 /* Build configuration list for PBXProject "SATTO" */;
			compatibilityVersion = "Xcode 14.0";
			developmentRegion = en;
			hasScannedForEncodings = 0;
			knownRegions = (
				en,
				Base,
			);
			mainGroup = AACB4BC32B40712D00169C52;
			packageReferences = (
				AA9E802B2B498DB300D51447 /* XCRemoteSwiftPackageReference "Moya" */,
				AAA9507A2BA5C498004E16C8 /* XCRemoteSwiftPackageReference "PopupView" */,
				3B56A3542C09B9F40034B25B /* XCRemoteSwiftPackageReference "keychain-swift" */,
				3B82D8852C2264D6008E0138 /* XCRemoteSwiftPackageReference "SwiftKeychainWrapper" */,
			);
			productRefGroup = AACB4BCD2B40712D00169C52 /* Products */;
			projectDirPath = "";
			projectRoot = "";
			targets = (
				AACB4BCB2B40712D00169C52 /* SATTO */,
			);
		};
/* End PBXProject section */

/* Begin PBXResourcesBuildPhase section */
		AACB4BCA2B40712D00169C52 /* Resources */ = {
			isa = PBXResourcesBuildPhase;
			buildActionMask = 2147483647;
			files = (
				AACB4BD72B40712F00169C52 /* Preview Assets.xcassets in Resources */,
				AAD5D6A92C80FBB4005FB52A /* 만 14세 이상 동의.html in Resources */,
				AAD5D6AD2C80FEAA005FB52A /* 본인 명의 동의.html in Resources */,
				AAA950502BA5C396004E16C8 /* Pretendard-ExtraBold.otf in Resources */,
				3B0927162C3A6F3100777EEC /* secret.plist in Resources */,
				AAA950562BA5C396004E16C8 /* Pretendard-Thin.otf in Resources */,
				AAA9504C2BA5C396004E16C8 /* Color.xcassets in Resources */,
				AAA950512BA5C396004E16C8 /* Pretendard-ExtraLight.otf in Resources */,
				AAA950552BA5C396004E16C8 /* Pretendard-SemiBold.otf in Resources */,
				3B79D5E02C1FE0B6002FE98F /* Asset.xcassets in Resources */,
				AAA9504F2BA5C396004E16C8 /* Pretendard-Bold.otf in Resources */,
				AAA950522BA5C396004E16C8 /* Pretendard-Light.otf in Resources */,
				AAD5D6A52C80F29B005FB52A /* 개인정보 수집 및 이용 동의.html in Resources */,
				AAA950532BA5C396004E16C8 /* Pretendard-Medium.otf in Resources */,
				AAA950542BA5C396004E16C8 /* Pretendard-Regular.otf in Resources */,
				AAD5D6AF2C810C89005FB52A /* SATTO 서비스 이용약관.html in Resources */,
				AAA9504E2BA5C396004E16C8 /* Pretendard-Black.otf in Resources */,
			);
			runOnlyForDeploymentPostprocessing = 0;
		};
/* End PBXResourcesBuildPhase section */

/* Begin PBXSourcesBuildPhase section */
		AACB4BC82B40712D00169C52 /* Sources */ = {
			isa = PBXSourcesBuildPhase;
			buildActionMask = 2147483647;
			files = (
				3BCCBFD02C7D610E00C6427A /* EditProfileView.swift in Sources */,
				AA9E219C2BC81FC800F0566A /* MidCheckView.swift in Sources */,
				3B8335C12BEA19030008EFB5 /* DetailProgressEventView.swift in Sources */,
				AAA9508E2BB5A266004E16C8 /* SettingView.swift in Sources */,
				3B56A3512C09B8500034B25B /* SignUpView.swift in Sources */,
				AAA9508D2BB5A263004E16C8 /* FriendView.swift in Sources */,
				3B0927182C3A78EE00777EEC /* WebView.swift in Sources */,
				AAA9508C2BB5A260004E16C8 /* ContentView.swift in Sources */,
				3B82D8C02C3A6D0F008E0138 /* HomeView.swift in Sources */,
				AACAD6302CA348AB005C2F26 /* DIContainer.swift in Sources */,
				AACAD6292CA0A421005C2F26 /* TimetableState.swift in Sources */,
				AACAD6322CA34915005C2F26 /* AppState.swift in Sources */,
				AA1018A22BDE812A009E6804 /* TimetableCustom.swift in Sources */,
				3BF1F4A52C538ACD00B32C66 /* MyPageView.swift in Sources */,
				3BF1F4A72C538AF900B32C66 /* TimeTableTutorial.swift in Sources */,
				AAA9506A2BA5C39B004E16C8 /* EssentialLectureSelector.swift in Sources */,
				AAA9506F2BA5C39B004E16C8 /* ConstraintsViewModel.swift in Sources */,
				3BCCBFCE2C7C44EC00C6427A /* AuthPlugin.swift in Sources */,
				3BCCBFD22C7D68B300C6427A /* EditPasswordView.swift in Sources */,
				AACAD6272C932166005C2F26 /* TimetableService.swift in Sources */,
				AAA950692BA5C39B004E16C8 /* InvalidTimeSelectorView.swift in Sources */,
				3B82D8582C211637008E0138 /* AuthAPI.swift in Sources */,
				AACAD64F2CA9DB16005C2F26 /* LectureSelectionList.swift in Sources */,
				AAA9506E2BA5C39B004E16C8 /* TimetableMainView.swift in Sources */,
				3BF1F4AB2C538B3100B32C66 /* FollowingSearchView.swift in Sources */,
				AACAD64D2CA9CB07005C2F26 /* LectureCardView.swift in Sources */,
				3B82D85A2C211641008E0138 /* AuthViewModel.swift in Sources */,
				3B742B7C2BBE7C570000399F /* CompareTimeTableView.swift in Sources */,
				3B82D8A42C2BB513008E0138 /* FriendAPI.swift in Sources */,
				3BD5322D2BF06AEB00152A77 /* EventViewModel.swift in Sources */,
				3BF1F4972C464C5700B32C66 /* CustomBackButton.swift in Sources */,
				3B82D8922C23E06F008E0138 /* UserModel.swift in Sources */,
				AA65E60A2C3019E800655856 /* LectureDto.swift in Sources */,
				3B742B5A2BB687D60000399F /* SearchView.swift in Sources */,
				AA068F092CAB34C5003F5750 /* TimetableConfiguration.swift in Sources */,
				AACAD6422CA64B08005C2F26 /* ConstraintService.swift in Sources */,
				AA068F192CAD3B1E003F5750 /* LectureCategory.swift in Sources */,
				AA0DFC9A2C0F63E6002ED3C9 /* TimetableRouter.swift in Sources */,
				AA068F202CAFC006003F5750 /* LectureButtons.swift in Sources */,
				3BF1F49D2C465EA900B32C66 /* ProfileImageCell.swift in Sources */,
				3BF1F4992C464C7400B32C66 /* CustomNavigationTitle.swift in Sources */,
				AACAD6402CA624CB005C2F26 /* LectureSearchService.swift in Sources */,
				AACAD63C2CA622E2005C2F26 /* LectureSearchRepository.swift in Sources */,
				AA068F1D2CAE1A65003F5750 /* LectureFilterView.swift in Sources */,
				AACAD63E2CA6237E005C2F26 /* LectureRouter.swift in Sources */,
				AA0B714E2C07C77100216A32 /* TimetableProgressView.swift in Sources */,
				AA66001E2C21D6EB0055557C /* TimetableRepository.swift in Sources */,
				AA1018A92BDE882C009E6804 /* LectureModel.swift in Sources */,
				3B82D8BD2C3A3737008E0138 /* FriendModel.swift in Sources */,
				AAA950672BA5C39B004E16C8 /* MajorCombSelectorView.swift in Sources */,
				AAF9775F2C386E8300672090 /* TimetablePopupViews.swift in Sources */,
				AA068F072CAB329D003F5750 /* TimetableView.swift in Sources */,
				3B82D88C2C2268A0008E0138 /* KeyChainManager.swift in Sources */,
				AAA950682BA5C39B004E16C8 /* CreditPickerView.swift in Sources */,
				AA068F0F2CAB9786003F5750 /* TimetableBlock.swift in Sources */,
				3BF1F49B2C465E7500B32C66 /* FriendViewHelper.swift in Sources */,
				3BD5322B2BF06ADB00152A77 /* Event.swift in Sources */,
				AACAD6442CA64BE4005C2F26 /* ConstraintRepository.swift in Sources */,
				3BCCBFD62C82AB3A00C6427A /* DetailAnnouncementEventView.swift in Sources */,
				3B8335BF2BEA18650008EFB5 /* AnnouncementEventView.swift in Sources */,
				AACAD6382CA42240005C2F26 /* ConstraintState.swift in Sources */,
				3B56A3492C09B83B0034B25B /* EmailAuthView.swift in Sources */,
				AACAD63A2CA62152005C2F26 /* LectureSearchState.swift in Sources */,
				AACAD62B2CA0AD42005C2F26 /* TimetableModel.swift in Sources */,
				3B8335BD2BEA182D0008EFB5 /* ProgressEventView.swift in Sources */,
				AACAD6482CA9C8CB005C2F26 /* LectureSearchView.swift in Sources */,
				3B56A3432C09B7F40034B25B /* LoginView.swift in Sources */,
				AA65E60C2C3028B900655856 /* LectureSearchViewModel.swift in Sources */,
				AAA950712BA5C39B004E16C8 /* TimetableListView.swift in Sources */,
				3BF1F4AE2C5B15E300B32C66 /* EventAPI.swift in Sources */,
				3BF1F4A92C538B1900B32C66 /* FollwerSearchView.swift in Sources */,
				AAA950812BA5E7A5004E16C8 /* TimetableOptionView.swift in Sources */,
				AACAD6532CA9E8CA005C2F26 /* TimeSelectorViewModel.swift in Sources */,
				AAA9508B2BA723C2004E16C8 /* LectureTimeSelectorView.swift in Sources */,
				AA068F252CB3A35C003F5750 /* STPopup.swift in Sources */,
				3B8335C32BEA197D0008EFB5 /* UploadImageView.swift in Sources */,
				AAA950702BA5C39B004E16C8 /* TimetableAutoView.swift in Sources */,
				AACAD64B2CA9CAB3005C2F26 /* LectureListView.swift in Sources */,
				3B82D8A62C2BB700008E0138 /* FriendViewModel.swift in Sources */,
				AAA9504D2BA5C396004E16C8 /* Font.swift in Sources */,
				AA0DFC982C0F63B4002ED3C9 /* TimetableDto.swift in Sources */,
				AA068F172CAD3842003F5750 /* LectureSearchBar.swift in Sources */,
				AA068F132CABDF3E003F5750 /* TimeSelectorView.swift in Sources */,
				AACAD6362CA34FBB005C2F26 /* BaseViewModel.swift in Sources */,
				AACAD6342CA34B06005C2F26 /* AppEnvironment.swift in Sources */,
				3B1270DC2BB147DC00E38F86 /* EventView.swift in Sources */,
				AAF9775D2C386E4300672090 /* PageControls.swift in Sources */,
				AA65E6002C25AC8900655856 /* TimetableModifyView.swift in Sources */,
				AA65E6022C25B1AB00655856 /* TimetableMainViewModel.swift in Sources */,
				AACB4BD02B40712D00169C52 /* SATTOApp.swift in Sources */,
				AAA9506B2BA5C39B004E16C8 /* FinalTimetableSelectorView.swift in Sources */,
				AAA5227B2C80C2780056C9B7 /* AgreeView.swift in Sources */,
				3B41FE572C858DD700228EBC /* PasswordResetView.swift in Sources */,
			);
			runOnlyForDeploymentPostprocessing = 0;
		};
/* End PBXSourcesBuildPhase section */

/* Begin XCBuildConfiguration section */
		AACB4BD82B40712F00169C52 /* Debug */ = {
			isa = XCBuildConfiguration;
			buildSettings = {
				ALWAYS_SEARCH_USER_PATHS = NO;
				ASSETCATALOG_COMPILER_GENERATE_SWIFT_ASSET_SYMBOL_EXTENSIONS = YES;
				CLANG_ANALYZER_NONNULL = YES;
				CLANG_ANALYZER_NUMBER_OBJECT_CONVERSION = YES_AGGRESSIVE;
				CLANG_CXX_LANGUAGE_STANDARD = "gnu++20";
				CLANG_ENABLE_MODULES = YES;
				CLANG_ENABLE_OBJC_ARC = YES;
				CLANG_ENABLE_OBJC_WEAK = YES;
				CLANG_WARN_BLOCK_CAPTURE_AUTORELEASING = YES;
				CLANG_WARN_BOOL_CONVERSION = YES;
				CLANG_WARN_COMMA = YES;
				CLANG_WARN_CONSTANT_CONVERSION = YES;
				CLANG_WARN_DEPRECATED_OBJC_IMPLEMENTATIONS = YES;
				CLANG_WARN_DIRECT_OBJC_ISA_USAGE = YES_ERROR;
				CLANG_WARN_DOCUMENTATION_COMMENTS = YES;
				CLANG_WARN_EMPTY_BODY = YES;
				CLANG_WARN_ENUM_CONVERSION = YES;
				CLANG_WARN_INFINITE_RECURSION = YES;
				CLANG_WARN_INT_CONVERSION = YES;
				CLANG_WARN_NON_LITERAL_NULL_CONVERSION = YES;
				CLANG_WARN_OBJC_IMPLICIT_RETAIN_SELF = YES;
				CLANG_WARN_OBJC_LITERAL_CONVERSION = YES;
				CLANG_WARN_OBJC_ROOT_CLASS = YES_ERROR;
				CLANG_WARN_QUOTED_INCLUDE_IN_FRAMEWORK_HEADER = YES;
				CLANG_WARN_RANGE_LOOP_ANALYSIS = YES;
				CLANG_WARN_STRICT_PROTOTYPES = YES;
				CLANG_WARN_SUSPICIOUS_MOVE = YES;
				CLANG_WARN_UNGUARDED_AVAILABILITY = YES_AGGRESSIVE;
				CLANG_WARN_UNREACHABLE_CODE = YES;
				CLANG_WARN__DUPLICATE_METHOD_MATCH = YES;
				COPY_PHASE_STRIP = NO;
				DEBUG_INFORMATION_FORMAT = dwarf;
				ENABLE_STRICT_OBJC_MSGSEND = YES;
				ENABLE_TESTABILITY = YES;
				ENABLE_USER_SCRIPT_SANDBOXING = YES;
				GCC_C_LANGUAGE_STANDARD = gnu17;
				GCC_DYNAMIC_NO_PIC = NO;
				GCC_NO_COMMON_BLOCKS = YES;
				GCC_OPTIMIZATION_LEVEL = 0;
				GCC_PREPROCESSOR_DEFINITIONS = (
					"DEBUG=1",
					"$(inherited)",
				);
				GCC_WARN_64_TO_32_BIT_CONVERSION = YES;
				GCC_WARN_ABOUT_RETURN_TYPE = YES_ERROR;
				GCC_WARN_UNDECLARED_SELECTOR = YES;
				GCC_WARN_UNINITIALIZED_AUTOS = YES_AGGRESSIVE;
				GCC_WARN_UNUSED_FUNCTION = YES;
				GCC_WARN_UNUSED_VARIABLE = YES;
				IPHONEOS_DEPLOYMENT_TARGET = 16.0;
				LOCALIZATION_PREFERS_STRING_CATALOGS = YES;
				MTL_ENABLE_DEBUG_INFO = INCLUDE_SOURCE;
				MTL_FAST_MATH = YES;
				ONLY_ACTIVE_ARCH = YES;
				SDKROOT = iphoneos;
				SWIFT_ACTIVE_COMPILATION_CONDITIONS = "DEBUG $(inherited)";
				SWIFT_OPTIMIZATION_LEVEL = "-Onone";
			};
			name = Debug;
		};
		AACB4BD92B40712F00169C52 /* Release */ = {
			isa = XCBuildConfiguration;
			buildSettings = {
				ALWAYS_SEARCH_USER_PATHS = NO;
				ASSETCATALOG_COMPILER_GENERATE_SWIFT_ASSET_SYMBOL_EXTENSIONS = YES;
				CLANG_ANALYZER_NONNULL = YES;
				CLANG_ANALYZER_NUMBER_OBJECT_CONVERSION = YES_AGGRESSIVE;
				CLANG_CXX_LANGUAGE_STANDARD = "gnu++20";
				CLANG_ENABLE_MODULES = YES;
				CLANG_ENABLE_OBJC_ARC = YES;
				CLANG_ENABLE_OBJC_WEAK = YES;
				CLANG_WARN_BLOCK_CAPTURE_AUTORELEASING = YES;
				CLANG_WARN_BOOL_CONVERSION = YES;
				CLANG_WARN_COMMA = YES;
				CLANG_WARN_CONSTANT_CONVERSION = YES;
				CLANG_WARN_DEPRECATED_OBJC_IMPLEMENTATIONS = YES;
				CLANG_WARN_DIRECT_OBJC_ISA_USAGE = YES_ERROR;
				CLANG_WARN_DOCUMENTATION_COMMENTS = YES;
				CLANG_WARN_EMPTY_BODY = YES;
				CLANG_WARN_ENUM_CONVERSION = YES;
				CLANG_WARN_INFINITE_RECURSION = YES;
				CLANG_WARN_INT_CONVERSION = YES;
				CLANG_WARN_NON_LITERAL_NULL_CONVERSION = YES;
				CLANG_WARN_OBJC_IMPLICIT_RETAIN_SELF = YES;
				CLANG_WARN_OBJC_LITERAL_CONVERSION = YES;
				CLANG_WARN_OBJC_ROOT_CLASS = YES_ERROR;
				CLANG_WARN_QUOTED_INCLUDE_IN_FRAMEWORK_HEADER = YES;
				CLANG_WARN_RANGE_LOOP_ANALYSIS = YES;
				CLANG_WARN_STRICT_PROTOTYPES = YES;
				CLANG_WARN_SUSPICIOUS_MOVE = YES;
				CLANG_WARN_UNGUARDED_AVAILABILITY = YES_AGGRESSIVE;
				CLANG_WARN_UNREACHABLE_CODE = YES;
				CLANG_WARN__DUPLICATE_METHOD_MATCH = YES;
				COPY_PHASE_STRIP = NO;
				DEBUG_INFORMATION_FORMAT = "dwarf-with-dsym";
				ENABLE_NS_ASSERTIONS = NO;
				ENABLE_STRICT_OBJC_MSGSEND = YES;
				ENABLE_USER_SCRIPT_SANDBOXING = YES;
				GCC_C_LANGUAGE_STANDARD = gnu17;
				GCC_NO_COMMON_BLOCKS = YES;
				GCC_WARN_64_TO_32_BIT_CONVERSION = YES;
				GCC_WARN_ABOUT_RETURN_TYPE = YES_ERROR;
				GCC_WARN_UNDECLARED_SELECTOR = YES;
				GCC_WARN_UNINITIALIZED_AUTOS = YES_AGGRESSIVE;
				GCC_WARN_UNUSED_FUNCTION = YES;
				GCC_WARN_UNUSED_VARIABLE = YES;
				IPHONEOS_DEPLOYMENT_TARGET = 16.0;
				LOCALIZATION_PREFERS_STRING_CATALOGS = YES;
				MTL_ENABLE_DEBUG_INFO = NO;
				MTL_FAST_MATH = YES;
				SDKROOT = iphoneos;
				SWIFT_COMPILATION_MODE = wholemodule;
				VALIDATE_PRODUCT = YES;
			};
			name = Release;
		};
		AACB4BDB2B40712F00169C52 /* Debug */ = {
			isa = XCBuildConfiguration;
			buildSettings = {
				ASSETCATALOG_COMPILER_APPICON_NAME = AppIcon;
				ASSETCATALOG_COMPILER_GLOBAL_ACCENT_COLOR_NAME = AccentColor;
				CODE_SIGN_STYLE = Automatic;
				CURRENT_PROJECT_VERSION = 1;
				DEVELOPMENT_ASSET_PATHS = "\"SATTO/Preview Content\"";
				DEVELOPMENT_TEAM = 7BKK7NQ2K7;
				ENABLE_PREVIEWS = YES;
				GENERATE_INFOPLIST_FILE = YES;
				INFOPLIST_FILE = SATTO/Info.plist;
				INFOPLIST_KEY_UIApplicationSceneManifest_Generation = YES;
				INFOPLIST_KEY_UIApplicationSupportsIndirectInputEvents = YES;
				INFOPLIST_KEY_UILaunchScreen_Generation = YES;
				INFOPLIST_KEY_UISupportedInterfaceOrientations_iPad = "UIInterfaceOrientationPortrait UIInterfaceOrientationPortraitUpsideDown UIInterfaceOrientationLandscapeLeft UIInterfaceOrientationLandscapeRight";
				INFOPLIST_KEY_UISupportedInterfaceOrientations_iPhone = "UIInterfaceOrientationPortrait UIInterfaceOrientationLandscapeLeft UIInterfaceOrientationLandscapeRight";
				LD_RUNPATH_SEARCH_PATHS = (
					"$(inherited)",
					"@executable_path/Frameworks",
				);
				MARKETING_VERSION = 1.0;
				PRODUCT_BUNDLE_IDENTIFIER = com.SMU.SATTO;
				PRODUCT_NAME = "$(TARGET_NAME)";
				SWIFT_EMIT_LOC_STRINGS = YES;
				SWIFT_VERSION = 5.0;
				TARGETED_DEVICE_FAMILY = "1,2";
			};
			name = Debug;
		};
		AACB4BDC2B40712F00169C52 /* Release */ = {
			isa = XCBuildConfiguration;
			buildSettings = {
				ASSETCATALOG_COMPILER_APPICON_NAME = AppIcon;
				ASSETCATALOG_COMPILER_GLOBAL_ACCENT_COLOR_NAME = AccentColor;
				CODE_SIGN_STYLE = Automatic;
				CURRENT_PROJECT_VERSION = 1;
				DEVELOPMENT_ASSET_PATHS = "\"SATTO/Preview Content\"";
				DEVELOPMENT_TEAM = 7BKK7NQ2K7;
				ENABLE_PREVIEWS = YES;
				GENERATE_INFOPLIST_FILE = YES;
				INFOPLIST_FILE = SATTO/Info.plist;
				INFOPLIST_KEY_UIApplicationSceneManifest_Generation = YES;
				INFOPLIST_KEY_UIApplicationSupportsIndirectInputEvents = YES;
				INFOPLIST_KEY_UILaunchScreen_Generation = YES;
				INFOPLIST_KEY_UISupportedInterfaceOrientations_iPad = "UIInterfaceOrientationPortrait UIInterfaceOrientationPortraitUpsideDown UIInterfaceOrientationLandscapeLeft UIInterfaceOrientationLandscapeRight";
				INFOPLIST_KEY_UISupportedInterfaceOrientations_iPhone = "UIInterfaceOrientationPortrait UIInterfaceOrientationLandscapeLeft UIInterfaceOrientationLandscapeRight";
				LD_RUNPATH_SEARCH_PATHS = (
					"$(inherited)",
					"@executable_path/Frameworks",
				);
				MARKETING_VERSION = 1.0;
				PRODUCT_BUNDLE_IDENTIFIER = com.SMU.SATTO;
				PRODUCT_NAME = "$(TARGET_NAME)";
				SWIFT_EMIT_LOC_STRINGS = YES;
				SWIFT_VERSION = 5.0;
				TARGETED_DEVICE_FAMILY = "1,2";
			};
			name = Release;
		};
/* End XCBuildConfiguration section */

/* Begin XCConfigurationList section */
		AACB4BC72B40712D00169C52 /* Build configuration list for PBXProject "SATTO" */ = {
			isa = XCConfigurationList;
			buildConfigurations = (
				AACB4BD82B40712F00169C52 /* Debug */,
				AACB4BD92B40712F00169C52 /* Release */,
			);
			defaultConfigurationIsVisible = 0;
			defaultConfigurationName = Release;
		};
		AACB4BDA2B40712F00169C52 /* Build configuration list for PBXNativeTarget "SATTO" */ = {
			isa = XCConfigurationList;
			buildConfigurations = (
				AACB4BDB2B40712F00169C52 /* Debug */,
				AACB4BDC2B40712F00169C52 /* Release */,
			);
			defaultConfigurationIsVisible = 0;
			defaultConfigurationName = Release;
		};
/* End XCConfigurationList section */

/* Begin XCRemoteSwiftPackageReference section */
		3B56A3542C09B9F40034B25B /* XCRemoteSwiftPackageReference "keychain-swift" */ = {
			isa = XCRemoteSwiftPackageReference;
			repositoryURL = "https://github.com/evgenyneu/keychain-swift.git";
			requirement = {
				kind = upToNextMajorVersion;
				minimumVersion = 24.0.0;
			};
		};
		3B82D8852C2264D6008E0138 /* XCRemoteSwiftPackageReference "SwiftKeychainWrapper" */ = {
			isa = XCRemoteSwiftPackageReference;
			repositoryURL = "https://github.com/jrendel/SwiftKeychainWrapper";
			requirement = {
				kind = upToNextMajorVersion;
				minimumVersion = 4.0.1;
			};
		};
		AA9E802B2B498DB300D51447 /* XCRemoteSwiftPackageReference "Moya" */ = {
			isa = XCRemoteSwiftPackageReference;
			repositoryURL = "https://github.com/Moya/Moya";
			requirement = {
				kind = upToNextMajorVersion;
				minimumVersion = 15.0.3;
			};
		};
		AAA9507A2BA5C498004E16C8 /* XCRemoteSwiftPackageReference "PopupView" */ = {
			isa = XCRemoteSwiftPackageReference;
			repositoryURL = "https://github.com/exyte/PopupView";
			requirement = {
				kind = upToNextMajorVersion;
				minimumVersion = 2.9.1;
			};
		};
/* End XCRemoteSwiftPackageReference section */

/* Begin XCSwiftPackageProductDependency section */
		3B56A3552C09B9F40034B25B /* KeychainSwift */ = {
			isa = XCSwiftPackageProductDependency;
			package = 3B56A3542C09B9F40034B25B /* XCRemoteSwiftPackageReference "keychain-swift" */;
			productName = KeychainSwift;
		};
		3B82D8862C2264D6008E0138 /* SwiftKeychainWrapper */ = {
			isa = XCSwiftPackageProductDependency;
			package = 3B82D8852C2264D6008E0138 /* XCRemoteSwiftPackageReference "SwiftKeychainWrapper" */;
			productName = SwiftKeychainWrapper;
		};
		AA9E802C2B498DB400D51447 /* CombineMoya */ = {
			isa = XCSwiftPackageProductDependency;
			package = AA9E802B2B498DB300D51447 /* XCRemoteSwiftPackageReference "Moya" */;
			productName = CombineMoya;
		};
		AA9E802E2B498DB400D51447 /* Moya */ = {
			isa = XCSwiftPackageProductDependency;
			package = AA9E802B2B498DB300D51447 /* XCRemoteSwiftPackageReference "Moya" */;
			productName = Moya;
		};
		AA9E80302B498DB400D51447 /* ReactiveMoya */ = {
			isa = XCSwiftPackageProductDependency;
			package = AA9E802B2B498DB300D51447 /* XCRemoteSwiftPackageReference "Moya" */;
			productName = ReactiveMoya;
		};
		AA9E80322B498DB400D51447 /* RxMoya */ = {
			isa = XCSwiftPackageProductDependency;
			package = AA9E802B2B498DB300D51447 /* XCRemoteSwiftPackageReference "Moya" */;
			productName = RxMoya;
		};
		AAA9507B2BA5C498004E16C8 /* PopupView */ = {
			isa = XCSwiftPackageProductDependency;
			package = AAA9507A2BA5C498004E16C8 /* XCRemoteSwiftPackageReference "PopupView" */;
			productName = PopupView;
		};
/* End XCSwiftPackageProductDependency section */
	};
	rootObject = AACB4BC42B40712D00169C52 /* Project object */;
}
